
Microsoft Visual Studio Solution File, Format Version 12.00
# Visual Studio 2012
Project("{FAE04EC0-301F-11D3-BF4B-00C04F79EFBC}") = "Appccelerate.Fundamentals", "Appccelerate.Fundamentals\Appccelerate.Fundamentals.csproj", "{F2D5C375-C650-4DED-A85E-8DA8EC09927A}"
EndProject
Project("{FAE04EC0-301F-11D3-BF4B-00C04F79EFBC}") = "Appccelerate.Fundamentals.Test", "Appccelerate.Fundamentals.Test\Appccelerate.Fundamentals.Test.csproj", "{14C65FF5-CB4D-4B5A-BA7B-47D0D504F091}"
EndProject
Project("{FAE04EC0-301F-11D3-BF4B-00C04F79EFBC}") = "Appccelerate.Fundamentals.Specification", "Appccelerate.Fundamentals.Specification\Appccelerate.Fundamentals.Specification.csproj", "{DB74DA37-0D6A-49FD-818D-A1976BBD4A25}"
EndProject
Project("{2150E333-8FDC-42A3-9474-1A3956D46DE8}") = "Fundamentals", "Fundamentals", "{3528786D-A0F8-484F-92FE-E8B4223B352F}"
EndProject
Project("{2150E333-8FDC-42A3-9474-1A3956D46DE8}") = "EvaluationEngine", "EvaluationEngine", "{CC560A66-F89B-4838-A177-FF093A09CD1C}"
EndProject
Project("{FAE04EC0-301F-11D3-BF4B-00C04F79EFBC}") = "Appccelerate.EvaluationEngine", "Appccelerate.EvaluationEngine\Appccelerate.EvaluationEngine.csproj", "{7BDE66B4-C478-4D7B-917A-E0E75DA7F3EC}"
EndProject
Project("{FAE04EC0-301F-11D3-BF4B-00C04F79EFBC}") = "Appccelerate.EvaluationEngine.Specification", "Appccelerate.EvaluationEngine.Specification\Appccelerate.EvaluationEngine.Specification.csproj", "{7091C6F0-1064-452A-B968-314629505ACF}"
EndProject
Project("{FAE04EC0-301F-11D3-BF4B-00C04F79EFBC}") = "Appccelerate.EvaluationEngine.Sample", "Appccelerate.EvaluationEngine.Sample\Appccelerate.EvaluationEngine.Sample.csproj", "{FEC7EF75-A238-4FE2-976C-2DBA8EEADC13}"
EndProject
Project("{FAE04EC0-301F-11D3-BF4B-00C04F79EFBC}") = "Appccelerate.EvaluationEngine.Test", "Appccelerate.EvaluationEngine.Test\Appccelerate.EvaluationEngine.Test.csproj", "{0129712B-0132-4618-BA29-AFB24F98C34D}"
EndProject
Project("{2150E333-8FDC-42A3-9474-1A3956D46DE8}") = "EventBroker", "EventBroker", "{28464055-4F9B-4522-B390-E84B72B4AEF4}"
EndProject
Project("{FAE04EC0-301F-11D3-BF4B-00C04F79EFBC}") = "Appccelerate.EventBroker", "Appccelerate.EventBroker\Appccelerate.EventBroker.csproj", "{6B189709-125E-46EC-8FEE-50345375F221}"
EndProject
Project("{FAE04EC0-301F-11D3-BF4B-00C04F79EFBC}") = "Appccelerate.EventBroker.Test", "Appccelerate.EventBroker.Test\Appccelerate.EventBroker.Test.csproj", "{CF725C82-A037-41DA-B464-3C88898BB4EE}"
EndProject
Project("{FAE04EC0-301F-11D3-BF4B-00C04F79EFBC}") = "Appccelerate.EventBroker.Specification", "Appccelerate.EventBroker.Specification\Appccelerate.EventBroker.Specification.csproj", "{59583ACD-E778-4F33-A550-9EFF0E7958E0}"
EndProject
Project("{2150E333-8FDC-42A3-9474-1A3956D46DE8}") = "Windows", "Windows", "{6A4999E8-C7CF-45EF-99B1-31F441AD87B0}"
EndProject
Project("{FAE04EC0-301F-11D3-BF4B-00C04F79EFBC}") = "Appccelerate.Windows", "Appccelerate.Windows\Appccelerate.Windows.csproj", "{DE64C585-8522-45D6-BC89-7E969F63943A}"
EndProject
Project("{FAE04EC0-301F-11D3-BF4B-00C04F79EFBC}") = "Appccelerate.Windows.Test", "Appccelerate.Windows.Test\Appccelerate.Windows.Test.csproj", "{5ACDED29-EA8F-48E0-A462-3BC00BFBE5A8}"
EndProject
Project("{FAE04EC0-301F-11D3-BF4B-00C04F79EFBC}") = "Appccelerate.EventBroker.Sample", "Appccelerate.EventBroker.Sample\Appccelerate.EventBroker.Sample.csproj", "{CF83E89B-54C6-466A-ADF2-C26FE3E24286}"
EndProject
Project("{FAE04EC0-301F-11D3-BF4B-00C04F79EFBC}") = "Appccelerate.EventBroker.Performance", "Appccelerate.EventBroker.Performance\Appccelerate.EventBroker.Performance.csproj", "{6CD4F099-CB3E-41D6-B79E-F92070967CFD}"
EndProject
Project("{2150E333-8FDC-42A3-9474-1A3956D46DE8}") = "StateMachine", "StateMachine", "{9DC671C5-6C34-4A58-8683-B8C08601183C}"
EndProject
Project("{FAE04EC0-301F-11D3-BF4B-00C04F79EFBC}") = "Appccelerate.StateMachine", "Appccelerate.StateMachine\Appccelerate.StateMachine.csproj", "{A8B37574-7920-4796-8EAD-67385EC206D9}"
EndProject
Project("{FAE04EC0-301F-11D3-BF4B-00C04F79EFBC}") = "Appccelerate.StateMachine.Specification", "Appccelerate.StateMachine.Specification\Appccelerate.StateMachine.Specification.csproj", "{80C0A59F-4FA8-4D04-80B6-217E8A7EEAF3}"
EndProject
Project("{FAE04EC0-301F-11D3-BF4B-00C04F79EFBC}") = "Appccelerate.StateMachine.Test", "Appccelerate.StateMachine.Test\Appccelerate.StateMachine.Test.csproj", "{BB95A035-71B3-4DEE-B9E7-826EB84AE6BF}"
EndProject
Project("{2150E333-8FDC-42A3-9474-1A3956D46DE8}") = "IO", "IO", "{0560BC3D-8719-4AFE-9AFE-8BE6F87213A5}"
EndProject
Project("{FAE04EC0-301F-11D3-BF4B-00C04F79EFBC}") = "Appccelerate.IO", "Appccelerate.IO\Appccelerate.IO.csproj", "{45D03061-5B6F-4906-961B-EC3F0F629137}"
EndProject
Project("{FAE04EC0-301F-11D3-BF4B-00C04F79EFBC}") = "Appccelerate.IO.Test", "Appccelerate.IO.Test\Appccelerate.IO.Test.csproj", "{E6655100-752B-47CF-9CF5-002B9EA51699}"
EndProject
Project("{2150E333-8FDC-42A3-9474-1A3956D46DE8}") = "Bootstrapper", "Bootstrapper", "{71BFB472-1931-4D78-B437-0EC6004EAE04}"
EndProject
Project("{FAE04EC0-301F-11D3-BF4B-00C04F79EFBC}") = "Appccelerate.Bootstrapper", "Appccelerate.Bootstrapper\Appccelerate.Bootstrapper.csproj", "{B1FB577F-4616-4CE1-8D9A-F72021323FBB}"
EndProject
Project("{FAE04EC0-301F-11D3-BF4B-00C04F79EFBC}") = "Appccelerate.Bootstrapper.Specification", "Appccelerate.Bootstrapper.Specification\Appccelerate.Bootstrapper.Specification.csproj", "{F53D0EC9-E6A6-4264-878F-CECD5A6B40D4}"
EndProject
Project("{FAE04EC0-301F-11D3-BF4B-00C04F79EFBC}") = "Appccelerate.Bootstrapper.Test", "Appccelerate.Bootstrapper.Test\Appccelerate.Bootstrapper.Test.csproj", "{D7E7210D-13C5-45C1-97BE-429D49B6F6BB}"
EndProject
Project("{FAE04EC0-301F-11D3-BF4B-00C04F79EFBC}") = "Appccelerate.Bootstrapper.Sample", "Appccelerate.Bootstrapper.Sample\Appccelerate.Bootstrapper.Sample.csproj", "{60C1FD31-5B76-41C1-AC02-9E47A34EA900}"
EndProject
Project("{2150E333-8FDC-42A3-9474-1A3956D46DE8}") = "DistributedEventBroker", "DistributedEventBroker", "{228FC971-48E6-4D0F-9C13-A56477C2C98D}"
EndProject
Project("{2150E333-8FDC-42A3-9474-1A3956D46DE8}") = "MassTransit", "MassTransit", "{2F2B3BAA-D165-4E3D-879D-218C01E7D37F}"
EndProject
Project("{2150E333-8FDC-42A3-9474-1A3956D46DE8}") = "NServiceBus", "NServiceBus", "{8A22CD7B-6D54-4D0E-867A-221F1378ABD2}"
EndProject
Project("{2150E333-8FDC-42A3-9474-1A3956D46DE8}") = "RhinoEsb", "RhinoEsb", "{5ED938A7-C31E-40BD-98E4-7D86F2CDF71D}"
EndProject
Project("{FAE04EC0-301F-11D3-BF4B-00C04F79EFBC}") = "Appccelerate.DistributedEventBroker.RhinoEsb", "Appccelerate.DistributedEventBroker.RhinoEsb\Appccelerate.DistributedEventBroker.RhinoEsb.csproj", "{D105C21A-AEC1-460F-98B4-3BE7506DE2E6}"
EndProject
Project("{FAE04EC0-301F-11D3-BF4B-00C04F79EFBC}") = "Appccelerate.DistributedEventBroker.RhinoEsb.Test", "Appccelerate.DistributedEventBroker.RhinoEsb.Test\Appccelerate.DistributedEventBroker.RhinoEsb.Test.csproj", "{68AFDAFA-DCDF-470D-8B0E-9965D0594979}"
EndProject
Project("{FAE04EC0-301F-11D3-BF4B-00C04F79EFBC}") = "Appccelerate.DistributedEventBroker.Test", "Appccelerate.DistributedEventBroker.Test\Appccelerate.DistributedEventBroker.Test.csproj", "{D81188CD-F1C2-4132-82A6-BB29E20D40A0}"
EndProject
Project("{FAE04EC0-301F-11D3-BF4B-00C04F79EFBC}") = "Appccelerate.DistributedEventBroker", "Appccelerate.DistributedEventBroker\Appccelerate.DistributedEventBroker.csproj", "{3197BFBC-30E8-4188-B2CF-64E7472B6995}"
EndProject
Project("{FAE04EC0-301F-11D3-BF4B-00C04F79EFBC}") = "Appccelerate.DistributedEventBroker.NServiceBus", "Appccelerate.DistributedEventBroker.NServiceBus\Appccelerate.DistributedEventBroker.NServiceBus.csproj", "{ED278AE1-F458-485A-8DC5-17EC18BA0692}"
EndProject
Project("{FAE04EC0-301F-11D3-BF4B-00C04F79EFBC}") = "Appccelerate.DistributedEventBroker.NServiceBus.Test", "Appccelerate.DistributedEventBroker.NServiceBus.Test\Appccelerate.DistributedEventBroker.NServiceBus.Test.csproj", "{2DC1A312-9D36-4726-B32B-1024B54E1043}"
EndProject
Project("{FAE04EC0-301F-11D3-BF4B-00C04F79EFBC}") = "Appccelerate.DistributedEventBroker.MassTransit.Test", "Appccelerate.DistributedEventBroker.MassTransit.Test\Appccelerate.DistributedEventBroker.MassTransit.Test.csproj", "{CC84138D-CC2B-44F9-8FCE-63730BC21748}"
EndProject
Project("{FAE04EC0-301F-11D3-BF4B-00C04F79EFBC}") = "Appccelerate.DistributedEventBroker.MassTransit", "Appccelerate.DistributedEventBroker.MassTransit\Appccelerate.DistributedEventBroker.MassTransit.csproj", "{FEE0505A-32D5-49D6-AC41-FF09F13102E9}"
EndProject
Project("{2150E333-8FDC-42A3-9474-1A3956D46DE8}") = "MappingEventBroker", "MappingEventBroker", "{01FCFCEA-6891-4958-9793-E62E4D994939}"
EndProject
Project("{FAE04EC0-301F-11D3-BF4B-00C04F79EFBC}") = "Appccelerate.MappingEventBroker", "Appccelerate.MappingEventBroker\Appccelerate.MappingEventBroker.csproj", "{AE29ED13-EA6A-49CA-905F-503B0F8CA78B}"
EndProject
Project("{FAE04EC0-301F-11D3-BF4B-00C04F79EFBC}") = "Appccelerate.MappingEventBroker.Specification", "Appccelerate.MappingEventBroker.Specification\Appccelerate.MappingEventBroker.Specification.csproj", "{5E881AA2-EB82-4DDD-848F-A96CB5C5A554}"
EndProject
Project("{FAE04EC0-301F-11D3-BF4B-00C04F79EFBC}") = "Appccelerate.MappingEventBroker.Test", "Appccelerate.MappingEventBroker.Test\Appccelerate.MappingEventBroker.Test.csproj", "{B0989639-3136-4281-B6AD-B8FF5C5BF52C}"
EndProject
Project("{2150E333-8FDC-42A3-9474-1A3956D46DE8}") = "AutoMapper", "AutoMapper", "{D35A2B7A-13B3-4247-8A60-399C4CE9E0A7}"
EndProject
Project("{FAE04EC0-301F-11D3-BF4B-00C04F79EFBC}") = "Appccelerate.MappingEventBroker.AutoMapper", "Appccelerate.MappingEventBroker.AutoMapper\Appccelerate.MappingEventBroker.AutoMapper.csproj", "{6D12FB95-314D-46D4-B921-579D014F85AE}"
EndProject
Project("{2150E333-8FDC-42A3-9474-1A3956D46DE8}") = "SourceTemplates", "SourceTemplates", "{8D700CD7-04E7-42FD-B0F7-7AD716542DD8}"
EndProject
Project("{FAE04EC0-301F-11D3-BF4B-00C04F79EFBC}") = "Appccelerate.SourceTemplates", "Appccelerate.SourceTemplates\Appccelerate.SourceTemplates.csproj", "{BE06B9D3-4070-4BD4-820A-4B410CA1355E}"
EndProject
Project("{FAE04EC0-301F-11D3-BF4B-00C04F79EFBC}") = "Appccelerate.SourceTemplates.Test", "Appccelerate.SourceTemplates.Test\Appccelerate.SourceTemplates.Test.csproj", "{64E11D74-6B4C-4E47-A117-8BA52A69D7EC}"
EndProject
Project("{2150E333-8FDC-42A3-9474-1A3956D46DE8}") = ".nuget", ".nuget", "{FA5D69F8-B71F-478D-9064-450906BC84A5}"
	ProjectSection(SolutionItems) = preProject
		.nuget\packages.config = .nuget\packages.config
	EndProjectSection
EndProject
Project("{FAE04EC0-301F-11D3-BF4B-00C04F79EFBC}") = "Appccelerate.DistributedEventBroker.Specification", "Appccelerate.DistributedEventBroker.Specification\Appccelerate.DistributedEventBroker.Specification.csproj", "{AB5699CC-4144-4BA5-853C-B30745AA16F1}"
EndProject
Project("{2150E333-8FDC-42A3-9474-1A3956D46DE8}") = "ScopingEventBroker", "ScopingEventBroker", "{68F01781-D7F3-4121-BAB6-028A86B245A3}"
EndProject
Project("{FAE04EC0-301F-11D3-BF4B-00C04F79EFBC}") = "Appccelerate.ScopingEventBroker", "Appccelerate.ScopingEventBroker\Appccelerate.ScopingEventBroker.csproj", "{7FBCDA54-9487-472F-BA6A-D4CF2F68BA05}"
EndProject
Project("{FAE04EC0-301F-11D3-BF4B-00C04F79EFBC}") = "Appccelerate.ScopingEventBroker.Test", "Appccelerate.ScopingEventBroker.Test\Appccelerate.ScopingEventBroker.Test.csproj", "{5F2E88D4-26F8-4F8D-8D79-F0C4159275E0}"
EndProject
Project("{FAE04EC0-301F-11D3-BF4B-00C04F79EFBC}") = "Appccelerate.ScopingEventBroker.Specification", "Appccelerate.ScopingEventBroker.Specification\Appccelerate.ScopingEventBroker.Specification.csproj", "{1DD7D3FB-7E02-435A-B678-762B1B584614}"
EndProject
Global
	GlobalSection(SolutionConfigurationPlatforms) = preSolution
		Debug|Any CPU = Debug|Any CPU
		Debug|Mixed Platforms = Debug|Mixed Platforms
		Debug|x86 = Debug|x86
		DebugWithCodeAnalysis|Any CPU = DebugWithCodeAnalysis|Any CPU
		DebugWithCodeAnalysis|Mixed Platforms = DebugWithCodeAnalysis|Mixed Platforms
		DebugWithCodeAnalysis|x86 = DebugWithCodeAnalysis|x86
		Release|Any CPU = Release|Any CPU
		Release|Mixed Platforms = Release|Mixed Platforms
		Release|x86 = Release|x86
	EndGlobalSection
	GlobalSection(ProjectConfigurationPlatforms) = postSolution
		{F2D5C375-C650-4DED-A85E-8DA8EC09927A}.Debug|Any CPU.ActiveCfg = Debug|Any CPU
		{F2D5C375-C650-4DED-A85E-8DA8EC09927A}.Debug|Any CPU.Build.0 = Debug|Any CPU
		{F2D5C375-C650-4DED-A85E-8DA8EC09927A}.Debug|Mixed Platforms.ActiveCfg = Debug|Any CPU
		{F2D5C375-C650-4DED-A85E-8DA8EC09927A}.Debug|Mixed Platforms.Build.0 = Debug|Any CPU
		{F2D5C375-C650-4DED-A85E-8DA8EC09927A}.Debug|x86.ActiveCfg = Debug|Any CPU
		{F2D5C375-C650-4DED-A85E-8DA8EC09927A}.DebugWithCodeAnalysis|Any CPU.ActiveCfg = DebugWithCodeAnalysis|Any CPU
		{F2D5C375-C650-4DED-A85E-8DA8EC09927A}.DebugWithCodeAnalysis|Any CPU.Build.0 = DebugWithCodeAnalysis|Any CPU
		{F2D5C375-C650-4DED-A85E-8DA8EC09927A}.DebugWithCodeAnalysis|Mixed Platforms.ActiveCfg = DebugWithCodeAnalysis|Any CPU
		{F2D5C375-C650-4DED-A85E-8DA8EC09927A}.DebugWithCodeAnalysis|Mixed Platforms.Build.0 = DebugWithCodeAnalysis|Any CPU
		{F2D5C375-C650-4DED-A85E-8DA8EC09927A}.DebugWithCodeAnalysis|x86.ActiveCfg = DebugWithCodeAnalysis|Any CPU
		{F2D5C375-C650-4DED-A85E-8DA8EC09927A}.Release|Any CPU.ActiveCfg = Release|Any CPU
		{F2D5C375-C650-4DED-A85E-8DA8EC09927A}.Release|Any CPU.Build.0 = Release|Any CPU
		{F2D5C375-C650-4DED-A85E-8DA8EC09927A}.Release|Mixed Platforms.ActiveCfg = Release|Any CPU
		{F2D5C375-C650-4DED-A85E-8DA8EC09927A}.Release|Mixed Platforms.Build.0 = Release|Any CPU
		{F2D5C375-C650-4DED-A85E-8DA8EC09927A}.Release|x86.ActiveCfg = Release|Any CPU
		{14C65FF5-CB4D-4B5A-BA7B-47D0D504F091}.Debug|Any CPU.ActiveCfg = Debug|Any CPU
		{14C65FF5-CB4D-4B5A-BA7B-47D0D504F091}.Debug|Any CPU.Build.0 = Debug|Any CPU
		{14C65FF5-CB4D-4B5A-BA7B-47D0D504F091}.Debug|Mixed Platforms.ActiveCfg = Debug|Any CPU
		{14C65FF5-CB4D-4B5A-BA7B-47D0D504F091}.Debug|Mixed Platforms.Build.0 = Debug|Any CPU
		{14C65FF5-CB4D-4B5A-BA7B-47D0D504F091}.Debug|x86.ActiveCfg = Debug|Any CPU
		{14C65FF5-CB4D-4B5A-BA7B-47D0D504F091}.DebugWithCodeAnalysis|Any CPU.ActiveCfg = DebugWithCodeAnalysis|Any CPU
		{14C65FF5-CB4D-4B5A-BA7B-47D0D504F091}.DebugWithCodeAnalysis|Any CPU.Build.0 = DebugWithCodeAnalysis|Any CPU
		{14C65FF5-CB4D-4B5A-BA7B-47D0D504F091}.DebugWithCodeAnalysis|Mixed Platforms.ActiveCfg = DebugWithCodeAnalysis|Any CPU
		{14C65FF5-CB4D-4B5A-BA7B-47D0D504F091}.DebugWithCodeAnalysis|Mixed Platforms.Build.0 = DebugWithCodeAnalysis|Any CPU
		{14C65FF5-CB4D-4B5A-BA7B-47D0D504F091}.DebugWithCodeAnalysis|x86.ActiveCfg = DebugWithCodeAnalysis|Any CPU
		{14C65FF5-CB4D-4B5A-BA7B-47D0D504F091}.Release|Any CPU.ActiveCfg = Release|Any CPU
		{14C65FF5-CB4D-4B5A-BA7B-47D0D504F091}.Release|Any CPU.Build.0 = Release|Any CPU
		{14C65FF5-CB4D-4B5A-BA7B-47D0D504F091}.Release|Mixed Platforms.ActiveCfg = Release|Any CPU
		{14C65FF5-CB4D-4B5A-BA7B-47D0D504F091}.Release|Mixed Platforms.Build.0 = Release|Any CPU
		{14C65FF5-CB4D-4B5A-BA7B-47D0D504F091}.Release|x86.ActiveCfg = Release|Any CPU
		{DB74DA37-0D6A-49FD-818D-A1976BBD4A25}.Debug|Any CPU.ActiveCfg = Debug|Any CPU
		{DB74DA37-0D6A-49FD-818D-A1976BBD4A25}.Debug|Any CPU.Build.0 = Debug|Any CPU
		{DB74DA37-0D6A-49FD-818D-A1976BBD4A25}.Debug|Mixed Platforms.ActiveCfg = Debug|Any CPU
		{DB74DA37-0D6A-49FD-818D-A1976BBD4A25}.Debug|Mixed Platforms.Build.0 = Debug|Any CPU
		{DB74DA37-0D6A-49FD-818D-A1976BBD4A25}.Debug|x86.ActiveCfg = Debug|Any CPU
		{DB74DA37-0D6A-49FD-818D-A1976BBD4A25}.DebugWithCodeAnalysis|Any CPU.ActiveCfg = DebugWithCodeAnalysis|Any CPU
		{DB74DA37-0D6A-49FD-818D-A1976BBD4A25}.DebugWithCodeAnalysis|Any CPU.Build.0 = DebugWithCodeAnalysis|Any CPU
		{DB74DA37-0D6A-49FD-818D-A1976BBD4A25}.DebugWithCodeAnalysis|Mixed Platforms.ActiveCfg = DebugWithCodeAnalysis|Any CPU
		{DB74DA37-0D6A-49FD-818D-A1976BBD4A25}.DebugWithCodeAnalysis|Mixed Platforms.Build.0 = DebugWithCodeAnalysis|Any CPU
		{DB74DA37-0D6A-49FD-818D-A1976BBD4A25}.DebugWithCodeAnalysis|x86.ActiveCfg = DebugWithCodeAnalysis|Any CPU
		{DB74DA37-0D6A-49FD-818D-A1976BBD4A25}.Release|Any CPU.ActiveCfg = Release|Any CPU
		{DB74DA37-0D6A-49FD-818D-A1976BBD4A25}.Release|Any CPU.Build.0 = Release|Any CPU
		{DB74DA37-0D6A-49FD-818D-A1976BBD4A25}.Release|Mixed Platforms.ActiveCfg = Release|Any CPU
		{DB74DA37-0D6A-49FD-818D-A1976BBD4A25}.Release|Mixed Platforms.Build.0 = Release|Any CPU
		{DB74DA37-0D6A-49FD-818D-A1976BBD4A25}.Release|x86.ActiveCfg = Release|Any CPU
		{7BDE66B4-C478-4D7B-917A-E0E75DA7F3EC}.Debug|Any CPU.ActiveCfg = Debug|Any CPU
		{7BDE66B4-C478-4D7B-917A-E0E75DA7F3EC}.Debug|Any CPU.Build.0 = Debug|Any CPU
		{7BDE66B4-C478-4D7B-917A-E0E75DA7F3EC}.Debug|Mixed Platforms.ActiveCfg = Debug|Any CPU
		{7BDE66B4-C478-4D7B-917A-E0E75DA7F3EC}.Debug|Mixed Platforms.Build.0 = Debug|Any CPU
		{7BDE66B4-C478-4D7B-917A-E0E75DA7F3EC}.Debug|x86.ActiveCfg = Debug|Any CPU
		{7BDE66B4-C478-4D7B-917A-E0E75DA7F3EC}.DebugWithCodeAnalysis|Any CPU.ActiveCfg = DebugWithCodeAnalysis|Any CPU
		{7BDE66B4-C478-4D7B-917A-E0E75DA7F3EC}.DebugWithCodeAnalysis|Any CPU.Build.0 = DebugWithCodeAnalysis|Any CPU
		{7BDE66B4-C478-4D7B-917A-E0E75DA7F3EC}.DebugWithCodeAnalysis|Mixed Platforms.ActiveCfg = DebugWithCodeAnalysis|Any CPU
		{7BDE66B4-C478-4D7B-917A-E0E75DA7F3EC}.DebugWithCodeAnalysis|Mixed Platforms.Build.0 = DebugWithCodeAnalysis|Any CPU
		{7BDE66B4-C478-4D7B-917A-E0E75DA7F3EC}.DebugWithCodeAnalysis|x86.ActiveCfg = DebugWithCodeAnalysis|Any CPU
		{7BDE66B4-C478-4D7B-917A-E0E75DA7F3EC}.Release|Any CPU.ActiveCfg = Release|Any CPU
		{7BDE66B4-C478-4D7B-917A-E0E75DA7F3EC}.Release|Any CPU.Build.0 = Release|Any CPU
		{7BDE66B4-C478-4D7B-917A-E0E75DA7F3EC}.Release|Mixed Platforms.ActiveCfg = Release|Any CPU
		{7BDE66B4-C478-4D7B-917A-E0E75DA7F3EC}.Release|Mixed Platforms.Build.0 = Release|Any CPU
		{7BDE66B4-C478-4D7B-917A-E0E75DA7F3EC}.Release|x86.ActiveCfg = Release|Any CPU
		{7091C6F0-1064-452A-B968-314629505ACF}.Debug|Any CPU.ActiveCfg = Debug|Any CPU
		{7091C6F0-1064-452A-B968-314629505ACF}.Debug|Any CPU.Build.0 = Debug|Any CPU
		{7091C6F0-1064-452A-B968-314629505ACF}.Debug|Mixed Platforms.ActiveCfg = Debug|Any CPU
		{7091C6F0-1064-452A-B968-314629505ACF}.Debug|Mixed Platforms.Build.0 = Debug|Any CPU
		{7091C6F0-1064-452A-B968-314629505ACF}.Debug|x86.ActiveCfg = Debug|Any CPU
		{7091C6F0-1064-452A-B968-314629505ACF}.DebugWithCodeAnalysis|Any CPU.ActiveCfg = DebugWithCodeAnalysis|Any CPU
		{7091C6F0-1064-452A-B968-314629505ACF}.DebugWithCodeAnalysis|Any CPU.Build.0 = DebugWithCodeAnalysis|Any CPU
		{7091C6F0-1064-452A-B968-314629505ACF}.DebugWithCodeAnalysis|Mixed Platforms.ActiveCfg = DebugWithCodeAnalysis|Any CPU
		{7091C6F0-1064-452A-B968-314629505ACF}.DebugWithCodeAnalysis|Mixed Platforms.Build.0 = DebugWithCodeAnalysis|Any CPU
		{7091C6F0-1064-452A-B968-314629505ACF}.DebugWithCodeAnalysis|x86.ActiveCfg = DebugWithCodeAnalysis|Any CPU
		{7091C6F0-1064-452A-B968-314629505ACF}.Release|Any CPU.ActiveCfg = Release|Any CPU
		{7091C6F0-1064-452A-B968-314629505ACF}.Release|Any CPU.Build.0 = Release|Any CPU
		{7091C6F0-1064-452A-B968-314629505ACF}.Release|Mixed Platforms.ActiveCfg = Release|Any CPU
		{7091C6F0-1064-452A-B968-314629505ACF}.Release|Mixed Platforms.Build.0 = Release|Any CPU
		{7091C6F0-1064-452A-B968-314629505ACF}.Release|x86.ActiveCfg = Release|Any CPU
		{FEC7EF75-A238-4FE2-976C-2DBA8EEADC13}.Debug|Any CPU.ActiveCfg = Debug|x86
		{FEC7EF75-A238-4FE2-976C-2DBA8EEADC13}.Debug|Mixed Platforms.ActiveCfg = Debug|x86
		{FEC7EF75-A238-4FE2-976C-2DBA8EEADC13}.Debug|Mixed Platforms.Build.0 = Debug|x86
		{FEC7EF75-A238-4FE2-976C-2DBA8EEADC13}.Debug|x86.ActiveCfg = Debug|x86
		{FEC7EF75-A238-4FE2-976C-2DBA8EEADC13}.Debug|x86.Build.0 = Debug|x86
		{FEC7EF75-A238-4FE2-976C-2DBA8EEADC13}.DebugWithCodeAnalysis|Any CPU.ActiveCfg = Debug|x86
		{FEC7EF75-A238-4FE2-976C-2DBA8EEADC13}.DebugWithCodeAnalysis|Mixed Platforms.ActiveCfg = Debug|x86
		{FEC7EF75-A238-4FE2-976C-2DBA8EEADC13}.DebugWithCodeAnalysis|Mixed Platforms.Build.0 = Debug|x86
		{FEC7EF75-A238-4FE2-976C-2DBA8EEADC13}.DebugWithCodeAnalysis|x86.ActiveCfg = Debug|x86
		{FEC7EF75-A238-4FE2-976C-2DBA8EEADC13}.DebugWithCodeAnalysis|x86.Build.0 = Debug|x86
		{FEC7EF75-A238-4FE2-976C-2DBA8EEADC13}.Release|Any CPU.ActiveCfg = Release|x86
		{FEC7EF75-A238-4FE2-976C-2DBA8EEADC13}.Release|Mixed Platforms.ActiveCfg = Release|x86
		{FEC7EF75-A238-4FE2-976C-2DBA8EEADC13}.Release|Mixed Platforms.Build.0 = Release|x86
		{FEC7EF75-A238-4FE2-976C-2DBA8EEADC13}.Release|x86.ActiveCfg = Release|x86
		{FEC7EF75-A238-4FE2-976C-2DBA8EEADC13}.Release|x86.Build.0 = Release|x86
		{0129712B-0132-4618-BA29-AFB24F98C34D}.Debug|Any CPU.ActiveCfg = Debug|Any CPU
		{0129712B-0132-4618-BA29-AFB24F98C34D}.Debug|Any CPU.Build.0 = Debug|Any CPU
		{0129712B-0132-4618-BA29-AFB24F98C34D}.Debug|Mixed Platforms.ActiveCfg = Debug|Any CPU
		{0129712B-0132-4618-BA29-AFB24F98C34D}.Debug|Mixed Platforms.Build.0 = Debug|Any CPU
		{0129712B-0132-4618-BA29-AFB24F98C34D}.Debug|x86.ActiveCfg = Debug|Any CPU
		{0129712B-0132-4618-BA29-AFB24F98C34D}.DebugWithCodeAnalysis|Any CPU.ActiveCfg = DebugWithCodeAnalysis|Any CPU
		{0129712B-0132-4618-BA29-AFB24F98C34D}.DebugWithCodeAnalysis|Any CPU.Build.0 = DebugWithCodeAnalysis|Any CPU
		{0129712B-0132-4618-BA29-AFB24F98C34D}.DebugWithCodeAnalysis|Mixed Platforms.ActiveCfg = DebugWithCodeAnalysis|Any CPU
		{0129712B-0132-4618-BA29-AFB24F98C34D}.DebugWithCodeAnalysis|Mixed Platforms.Build.0 = DebugWithCodeAnalysis|Any CPU
		{0129712B-0132-4618-BA29-AFB24F98C34D}.DebugWithCodeAnalysis|x86.ActiveCfg = DebugWithCodeAnalysis|Any CPU
		{0129712B-0132-4618-BA29-AFB24F98C34D}.Release|Any CPU.ActiveCfg = Release|Any CPU
		{0129712B-0132-4618-BA29-AFB24F98C34D}.Release|Any CPU.Build.0 = Release|Any CPU
		{0129712B-0132-4618-BA29-AFB24F98C34D}.Release|Mixed Platforms.ActiveCfg = Release|Any CPU
		{0129712B-0132-4618-BA29-AFB24F98C34D}.Release|Mixed Platforms.Build.0 = Release|Any CPU
		{0129712B-0132-4618-BA29-AFB24F98C34D}.Release|x86.ActiveCfg = Release|Any CPU
		{6B189709-125E-46EC-8FEE-50345375F221}.Debug|Any CPU.ActiveCfg = Debug|Any CPU
		{6B189709-125E-46EC-8FEE-50345375F221}.Debug|Any CPU.Build.0 = Debug|Any CPU
		{6B189709-125E-46EC-8FEE-50345375F221}.Debug|Mixed Platforms.ActiveCfg = Debug|Any CPU
		{6B189709-125E-46EC-8FEE-50345375F221}.Debug|Mixed Platforms.Build.0 = Debug|Any CPU
		{6B189709-125E-46EC-8FEE-50345375F221}.Debug|x86.ActiveCfg = Debug|Any CPU
		{6B189709-125E-46EC-8FEE-50345375F221}.DebugWithCodeAnalysis|Any CPU.ActiveCfg = DebugWithCodeAnalysis|Any CPU
		{6B189709-125E-46EC-8FEE-50345375F221}.DebugWithCodeAnalysis|Any CPU.Build.0 = DebugWithCodeAnalysis|Any CPU
		{6B189709-125E-46EC-8FEE-50345375F221}.DebugWithCodeAnalysis|Mixed Platforms.ActiveCfg = DebugWithCodeAnalysis|Any CPU
		{6B189709-125E-46EC-8FEE-50345375F221}.DebugWithCodeAnalysis|Mixed Platforms.Build.0 = DebugWithCodeAnalysis|Any CPU
		{6B189709-125E-46EC-8FEE-50345375F221}.DebugWithCodeAnalysis|x86.ActiveCfg = DebugWithCodeAnalysis|Any CPU
		{6B189709-125E-46EC-8FEE-50345375F221}.Release|Any CPU.ActiveCfg = Release|Any CPU
		{6B189709-125E-46EC-8FEE-50345375F221}.Release|Any CPU.Build.0 = Release|Any CPU
		{6B189709-125E-46EC-8FEE-50345375F221}.Release|Mixed Platforms.ActiveCfg = Release|Any CPU
		{6B189709-125E-46EC-8FEE-50345375F221}.Release|Mixed Platforms.Build.0 = Release|Any CPU
		{6B189709-125E-46EC-8FEE-50345375F221}.Release|x86.ActiveCfg = Release|Any CPU
		{CF725C82-A037-41DA-B464-3C88898BB4EE}.Debug|Any CPU.ActiveCfg = Debug|Any CPU
		{CF725C82-A037-41DA-B464-3C88898BB4EE}.Debug|Any CPU.Build.0 = Debug|Any CPU
		{CF725C82-A037-41DA-B464-3C88898BB4EE}.Debug|Mixed Platforms.ActiveCfg = Debug|Any CPU
		{CF725C82-A037-41DA-B464-3C88898BB4EE}.Debug|Mixed Platforms.Build.0 = Debug|Any CPU
		{CF725C82-A037-41DA-B464-3C88898BB4EE}.Debug|x86.ActiveCfg = Debug|Any CPU
		{CF725C82-A037-41DA-B464-3C88898BB4EE}.DebugWithCodeAnalysis|Any CPU.ActiveCfg = DebugWithCodeAnalysis|Any CPU
		{CF725C82-A037-41DA-B464-3C88898BB4EE}.DebugWithCodeAnalysis|Any CPU.Build.0 = DebugWithCodeAnalysis|Any CPU
		{CF725C82-A037-41DA-B464-3C88898BB4EE}.DebugWithCodeAnalysis|Mixed Platforms.ActiveCfg = DebugWithCodeAnalysis|Any CPU
		{CF725C82-A037-41DA-B464-3C88898BB4EE}.DebugWithCodeAnalysis|Mixed Platforms.Build.0 = DebugWithCodeAnalysis|Any CPU
		{CF725C82-A037-41DA-B464-3C88898BB4EE}.DebugWithCodeAnalysis|x86.ActiveCfg = DebugWithCodeAnalysis|Any CPU
		{CF725C82-A037-41DA-B464-3C88898BB4EE}.Release|Any CPU.ActiveCfg = Release|Any CPU
		{CF725C82-A037-41DA-B464-3C88898BB4EE}.Release|Any CPU.Build.0 = Release|Any CPU
		{CF725C82-A037-41DA-B464-3C88898BB4EE}.Release|Mixed Platforms.ActiveCfg = Release|Any CPU
		{CF725C82-A037-41DA-B464-3C88898BB4EE}.Release|Mixed Platforms.Build.0 = Release|Any CPU
		{CF725C82-A037-41DA-B464-3C88898BB4EE}.Release|x86.ActiveCfg = Release|Any CPU
		{59583ACD-E778-4F33-A550-9EFF0E7958E0}.Debug|Any CPU.ActiveCfg = Debug|Any CPU
		{59583ACD-E778-4F33-A550-9EFF0E7958E0}.Debug|Any CPU.Build.0 = Debug|Any CPU
		{59583ACD-E778-4F33-A550-9EFF0E7958E0}.Debug|Mixed Platforms.ActiveCfg = Debug|Any CPU
		{59583ACD-E778-4F33-A550-9EFF0E7958E0}.Debug|Mixed Platforms.Build.0 = Debug|Any CPU
		{59583ACD-E778-4F33-A550-9EFF0E7958E0}.Debug|x86.ActiveCfg = Debug|Any CPU
		{59583ACD-E778-4F33-A550-9EFF0E7958E0}.DebugWithCodeAnalysis|Any CPU.ActiveCfg = DebugWithCodeAnalysis|Any CPU
		{59583ACD-E778-4F33-A550-9EFF0E7958E0}.DebugWithCodeAnalysis|Any CPU.Build.0 = DebugWithCodeAnalysis|Any CPU
		{59583ACD-E778-4F33-A550-9EFF0E7958E0}.DebugWithCodeAnalysis|Mixed Platforms.ActiveCfg = DebugWithCodeAnalysis|Any CPU
		{59583ACD-E778-4F33-A550-9EFF0E7958E0}.DebugWithCodeAnalysis|Mixed Platforms.Build.0 = DebugWithCodeAnalysis|Any CPU
		{59583ACD-E778-4F33-A550-9EFF0E7958E0}.DebugWithCodeAnalysis|x86.ActiveCfg = DebugWithCodeAnalysis|Any CPU
		{59583ACD-E778-4F33-A550-9EFF0E7958E0}.Release|Any CPU.ActiveCfg = Release|Any CPU
		{59583ACD-E778-4F33-A550-9EFF0E7958E0}.Release|Any CPU.Build.0 = Release|Any CPU
		{59583ACD-E778-4F33-A550-9EFF0E7958E0}.Release|Mixed Platforms.ActiveCfg = Release|Any CPU
		{59583ACD-E778-4F33-A550-9EFF0E7958E0}.Release|Mixed Platforms.Build.0 = Release|Any CPU
		{59583ACD-E778-4F33-A550-9EFF0E7958E0}.Release|x86.ActiveCfg = Release|Any CPU
		{DE64C585-8522-45D6-BC89-7E969F63943A}.Debug|Any CPU.ActiveCfg = Debug|Any CPU
		{DE64C585-8522-45D6-BC89-7E969F63943A}.Debug|Any CPU.Build.0 = Debug|Any CPU
		{DE64C585-8522-45D6-BC89-7E969F63943A}.Debug|Mixed Platforms.ActiveCfg = Debug|Any CPU
		{DE64C585-8522-45D6-BC89-7E969F63943A}.Debug|Mixed Platforms.Build.0 = Debug|Any CPU
		{DE64C585-8522-45D6-BC89-7E969F63943A}.Debug|x86.ActiveCfg = Debug|Any CPU
		{DE64C585-8522-45D6-BC89-7E969F63943A}.DebugWithCodeAnalysis|Any CPU.ActiveCfg = DebugWithCodeAnalysis|Any CPU
		{DE64C585-8522-45D6-BC89-7E969F63943A}.DebugWithCodeAnalysis|Any CPU.Build.0 = DebugWithCodeAnalysis|Any CPU
		{DE64C585-8522-45D6-BC89-7E969F63943A}.DebugWithCodeAnalysis|Mixed Platforms.ActiveCfg = DebugWithCodeAnalysis|Any CPU
		{DE64C585-8522-45D6-BC89-7E969F63943A}.DebugWithCodeAnalysis|Mixed Platforms.Build.0 = DebugWithCodeAnalysis|Any CPU
		{DE64C585-8522-45D6-BC89-7E969F63943A}.DebugWithCodeAnalysis|x86.ActiveCfg = DebugWithCodeAnalysis|Any CPU
		{DE64C585-8522-45D6-BC89-7E969F63943A}.Release|Any CPU.ActiveCfg = Release|Any CPU
		{DE64C585-8522-45D6-BC89-7E969F63943A}.Release|Any CPU.Build.0 = Release|Any CPU
		{DE64C585-8522-45D6-BC89-7E969F63943A}.Release|Mixed Platforms.ActiveCfg = Release|Any CPU
		{DE64C585-8522-45D6-BC89-7E969F63943A}.Release|Mixed Platforms.Build.0 = Release|Any CPU
		{DE64C585-8522-45D6-BC89-7E969F63943A}.Release|x86.ActiveCfg = Release|Any CPU
		{5ACDED29-EA8F-48E0-A462-3BC00BFBE5A8}.Debug|Any CPU.ActiveCfg = Debug|Any CPU
		{5ACDED29-EA8F-48E0-A462-3BC00BFBE5A8}.Debug|Any CPU.Build.0 = Debug|Any CPU
		{5ACDED29-EA8F-48E0-A462-3BC00BFBE5A8}.Debug|Mixed Platforms.ActiveCfg = Debug|Any CPU
		{5ACDED29-EA8F-48E0-A462-3BC00BFBE5A8}.Debug|Mixed Platforms.Build.0 = Debug|Any CPU
		{5ACDED29-EA8F-48E0-A462-3BC00BFBE5A8}.Debug|x86.ActiveCfg = Debug|Any CPU
		{5ACDED29-EA8F-48E0-A462-3BC00BFBE5A8}.DebugWithCodeAnalysis|Any CPU.ActiveCfg = DebugWithCodeAnalysis|Any CPU
		{5ACDED29-EA8F-48E0-A462-3BC00BFBE5A8}.DebugWithCodeAnalysis|Any CPU.Build.0 = DebugWithCodeAnalysis|Any CPU
		{5ACDED29-EA8F-48E0-A462-3BC00BFBE5A8}.DebugWithCodeAnalysis|Mixed Platforms.ActiveCfg = DebugWithCodeAnalysis|Any CPU
		{5ACDED29-EA8F-48E0-A462-3BC00BFBE5A8}.DebugWithCodeAnalysis|Mixed Platforms.Build.0 = DebugWithCodeAnalysis|Any CPU
		{5ACDED29-EA8F-48E0-A462-3BC00BFBE5A8}.DebugWithCodeAnalysis|x86.ActiveCfg = DebugWithCodeAnalysis|Any CPU
		{5ACDED29-EA8F-48E0-A462-3BC00BFBE5A8}.Release|Any CPU.ActiveCfg = Release|Any CPU
		{5ACDED29-EA8F-48E0-A462-3BC00BFBE5A8}.Release|Any CPU.Build.0 = Release|Any CPU
		{5ACDED29-EA8F-48E0-A462-3BC00BFBE5A8}.Release|Mixed Platforms.ActiveCfg = Release|Any CPU
		{5ACDED29-EA8F-48E0-A462-3BC00BFBE5A8}.Release|Mixed Platforms.Build.0 = Release|Any CPU
		{5ACDED29-EA8F-48E0-A462-3BC00BFBE5A8}.Release|x86.ActiveCfg = Release|Any CPU
		{CF83E89B-54C6-466A-ADF2-C26FE3E24286}.Debug|Any CPU.ActiveCfg = Debug|Any CPU
		{CF83E89B-54C6-466A-ADF2-C26FE3E24286}.Debug|Any CPU.Build.0 = Debug|Any CPU
		{CF83E89B-54C6-466A-ADF2-C26FE3E24286}.Debug|Mixed Platforms.ActiveCfg = Debug|Any CPU
		{CF83E89B-54C6-466A-ADF2-C26FE3E24286}.Debug|Mixed Platforms.Build.0 = Debug|Any CPU
		{CF83E89B-54C6-466A-ADF2-C26FE3E24286}.Debug|x86.ActiveCfg = Debug|Any CPU
		{CF83E89B-54C6-466A-ADF2-C26FE3E24286}.DebugWithCodeAnalysis|Any CPU.ActiveCfg = DebugWithCodeAnalysis|Any CPU
		{CF83E89B-54C6-466A-ADF2-C26FE3E24286}.DebugWithCodeAnalysis|Any CPU.Build.0 = DebugWithCodeAnalysis|Any CPU
		{CF83E89B-54C6-466A-ADF2-C26FE3E24286}.DebugWithCodeAnalysis|Mixed Platforms.ActiveCfg = DebugWithCodeAnalysis|Any CPU
		{CF83E89B-54C6-466A-ADF2-C26FE3E24286}.DebugWithCodeAnalysis|Mixed Platforms.Build.0 = DebugWithCodeAnalysis|Any CPU
		{CF83E89B-54C6-466A-ADF2-C26FE3E24286}.DebugWithCodeAnalysis|x86.ActiveCfg = DebugWithCodeAnalysis|Any CPU
		{CF83E89B-54C6-466A-ADF2-C26FE3E24286}.Release|Any CPU.ActiveCfg = Release|Any CPU
		{CF83E89B-54C6-466A-ADF2-C26FE3E24286}.Release|Any CPU.Build.0 = Release|Any CPU
		{CF83E89B-54C6-466A-ADF2-C26FE3E24286}.Release|Mixed Platforms.ActiveCfg = Release|Any CPU
		{CF83E89B-54C6-466A-ADF2-C26FE3E24286}.Release|Mixed Platforms.Build.0 = Release|Any CPU
		{CF83E89B-54C6-466A-ADF2-C26FE3E24286}.Release|x86.ActiveCfg = Release|Any CPU
		{6CD4F099-CB3E-41D6-B79E-F92070967CFD}.Debug|Any CPU.ActiveCfg = Debug|x86
		{6CD4F099-CB3E-41D6-B79E-F92070967CFD}.Debug|Mixed Platforms.ActiveCfg = Debug|x86
		{6CD4F099-CB3E-41D6-B79E-F92070967CFD}.Debug|Mixed Platforms.Build.0 = Debug|x86
		{6CD4F099-CB3E-41D6-B79E-F92070967CFD}.Debug|x86.ActiveCfg = Debug|x86
		{6CD4F099-CB3E-41D6-B79E-F92070967CFD}.Debug|x86.Build.0 = Debug|x86
		{6CD4F099-CB3E-41D6-B79E-F92070967CFD}.DebugWithCodeAnalysis|Any CPU.ActiveCfg = Debug|x86
		{6CD4F099-CB3E-41D6-B79E-F92070967CFD}.DebugWithCodeAnalysis|Mixed Platforms.ActiveCfg = Debug|x86
		{6CD4F099-CB3E-41D6-B79E-F92070967CFD}.DebugWithCodeAnalysis|Mixed Platforms.Build.0 = Debug|x86
		{6CD4F099-CB3E-41D6-B79E-F92070967CFD}.DebugWithCodeAnalysis|x86.ActiveCfg = Debug|x86
		{6CD4F099-CB3E-41D6-B79E-F92070967CFD}.DebugWithCodeAnalysis|x86.Build.0 = Debug|x86
		{6CD4F099-CB3E-41D6-B79E-F92070967CFD}.Release|Any CPU.ActiveCfg = Release|x86
		{6CD4F099-CB3E-41D6-B79E-F92070967CFD}.Release|Mixed Platforms.ActiveCfg = Release|x86
		{6CD4F099-CB3E-41D6-B79E-F92070967CFD}.Release|Mixed Platforms.Build.0 = Release|x86
		{6CD4F099-CB3E-41D6-B79E-F92070967CFD}.Release|x86.ActiveCfg = Release|x86
		{6CD4F099-CB3E-41D6-B79E-F92070967CFD}.Release|x86.Build.0 = Release|x86
		{A8B37574-7920-4796-8EAD-67385EC206D9}.Debug|Any CPU.ActiveCfg = Debug|Any CPU
		{A8B37574-7920-4796-8EAD-67385EC206D9}.Debug|Any CPU.Build.0 = Debug|Any CPU
		{A8B37574-7920-4796-8EAD-67385EC206D9}.Debug|Mixed Platforms.ActiveCfg = Debug|Any CPU
		{A8B37574-7920-4796-8EAD-67385EC206D9}.Debug|Mixed Platforms.Build.0 = Debug|Any CPU
		{A8B37574-7920-4796-8EAD-67385EC206D9}.Debug|x86.ActiveCfg = Debug|Any CPU
		{A8B37574-7920-4796-8EAD-67385EC206D9}.DebugWithCodeAnalysis|Any CPU.ActiveCfg = DebugWithCodeAnalysis|Any CPU
		{A8B37574-7920-4796-8EAD-67385EC206D9}.DebugWithCodeAnalysis|Any CPU.Build.0 = DebugWithCodeAnalysis|Any CPU
		{A8B37574-7920-4796-8EAD-67385EC206D9}.DebugWithCodeAnalysis|Mixed Platforms.ActiveCfg = DebugWithCodeAnalysis|Any CPU
		{A8B37574-7920-4796-8EAD-67385EC206D9}.DebugWithCodeAnalysis|Mixed Platforms.Build.0 = DebugWithCodeAnalysis|Any CPU
		{A8B37574-7920-4796-8EAD-67385EC206D9}.DebugWithCodeAnalysis|x86.ActiveCfg = DebugWithCodeAnalysis|Any CPU
		{A8B37574-7920-4796-8EAD-67385EC206D9}.Release|Any CPU.ActiveCfg = Release|Any CPU
		{A8B37574-7920-4796-8EAD-67385EC206D9}.Release|Any CPU.Build.0 = Release|Any CPU
		{A8B37574-7920-4796-8EAD-67385EC206D9}.Release|Mixed Platforms.ActiveCfg = Release|Any CPU
		{A8B37574-7920-4796-8EAD-67385EC206D9}.Release|Mixed Platforms.Build.0 = Release|Any CPU
		{A8B37574-7920-4796-8EAD-67385EC206D9}.Release|x86.ActiveCfg = Release|Any CPU
		{80C0A59F-4FA8-4D04-80B6-217E8A7EEAF3}.Debug|Any CPU.ActiveCfg = Debug|Any CPU
		{80C0A59F-4FA8-4D04-80B6-217E8A7EEAF3}.Debug|Any CPU.Build.0 = Debug|Any CPU
		{80C0A59F-4FA8-4D04-80B6-217E8A7EEAF3}.Debug|Mixed Platforms.ActiveCfg = Debug|Any CPU
		{80C0A59F-4FA8-4D04-80B6-217E8A7EEAF3}.Debug|Mixed Platforms.Build.0 = Debug|Any CPU
		{80C0A59F-4FA8-4D04-80B6-217E8A7EEAF3}.Debug|x86.ActiveCfg = Debug|Any CPU
		{80C0A59F-4FA8-4D04-80B6-217E8A7EEAF3}.DebugWithCodeAnalysis|Any CPU.ActiveCfg = DebugWithCodeAnalysis|Any CPU
		{80C0A59F-4FA8-4D04-80B6-217E8A7EEAF3}.DebugWithCodeAnalysis|Any CPU.Build.0 = DebugWithCodeAnalysis|Any CPU
		{80C0A59F-4FA8-4D04-80B6-217E8A7EEAF3}.DebugWithCodeAnalysis|Mixed Platforms.ActiveCfg = DebugWithCodeAnalysis|Any CPU
		{80C0A59F-4FA8-4D04-80B6-217E8A7EEAF3}.DebugWithCodeAnalysis|Mixed Platforms.Build.0 = DebugWithCodeAnalysis|Any CPU
		{80C0A59F-4FA8-4D04-80B6-217E8A7EEAF3}.DebugWithCodeAnalysis|x86.ActiveCfg = DebugWithCodeAnalysis|Any CPU
		{80C0A59F-4FA8-4D04-80B6-217E8A7EEAF3}.Release|Any CPU.ActiveCfg = Release|Any CPU
		{80C0A59F-4FA8-4D04-80B6-217E8A7EEAF3}.Release|Any CPU.Build.0 = Release|Any CPU
		{80C0A59F-4FA8-4D04-80B6-217E8A7EEAF3}.Release|Mixed Platforms.ActiveCfg = Release|Any CPU
		{80C0A59F-4FA8-4D04-80B6-217E8A7EEAF3}.Release|Mixed Platforms.Build.0 = Release|Any CPU
		{80C0A59F-4FA8-4D04-80B6-217E8A7EEAF3}.Release|x86.ActiveCfg = Release|Any CPU
		{BB95A035-71B3-4DEE-B9E7-826EB84AE6BF}.Debug|Any CPU.ActiveCfg = Debug|Any CPU
		{BB95A035-71B3-4DEE-B9E7-826EB84AE6BF}.Debug|Any CPU.Build.0 = Debug|Any CPU
		{BB95A035-71B3-4DEE-B9E7-826EB84AE6BF}.Debug|Mixed Platforms.ActiveCfg = Debug|Any CPU
		{BB95A035-71B3-4DEE-B9E7-826EB84AE6BF}.Debug|Mixed Platforms.Build.0 = Debug|Any CPU
		{BB95A035-71B3-4DEE-B9E7-826EB84AE6BF}.Debug|x86.ActiveCfg = Debug|Any CPU
		{BB95A035-71B3-4DEE-B9E7-826EB84AE6BF}.DebugWithCodeAnalysis|Any CPU.ActiveCfg = DebugWithCodeAnalysis|Any CPU
		{BB95A035-71B3-4DEE-B9E7-826EB84AE6BF}.DebugWithCodeAnalysis|Any CPU.Build.0 = DebugWithCodeAnalysis|Any CPU
		{BB95A035-71B3-4DEE-B9E7-826EB84AE6BF}.DebugWithCodeAnalysis|Mixed Platforms.ActiveCfg = DebugWithCodeAnalysis|Any CPU
		{BB95A035-71B3-4DEE-B9E7-826EB84AE6BF}.DebugWithCodeAnalysis|Mixed Platforms.Build.0 = DebugWithCodeAnalysis|Any CPU
		{BB95A035-71B3-4DEE-B9E7-826EB84AE6BF}.DebugWithCodeAnalysis|x86.ActiveCfg = DebugWithCodeAnalysis|Any CPU
		{BB95A035-71B3-4DEE-B9E7-826EB84AE6BF}.Release|Any CPU.ActiveCfg = Release|Any CPU
		{BB95A035-71B3-4DEE-B9E7-826EB84AE6BF}.Release|Any CPU.Build.0 = Release|Any CPU
		{BB95A035-71B3-4DEE-B9E7-826EB84AE6BF}.Release|Mixed Platforms.ActiveCfg = Release|Any CPU
		{BB95A035-71B3-4DEE-B9E7-826EB84AE6BF}.Release|Mixed Platforms.Build.0 = Release|Any CPU
		{BB95A035-71B3-4DEE-B9E7-826EB84AE6BF}.Release|x86.ActiveCfg = Release|Any CPU
		{45D03061-5B6F-4906-961B-EC3F0F629137}.Debug|Any CPU.ActiveCfg = Debug|Any CPU
		{45D03061-5B6F-4906-961B-EC3F0F629137}.Debug|Any CPU.Build.0 = Debug|Any CPU
		{45D03061-5B6F-4906-961B-EC3F0F629137}.Debug|Mixed Platforms.ActiveCfg = Debug|Any CPU
		{45D03061-5B6F-4906-961B-EC3F0F629137}.Debug|Mixed Platforms.Build.0 = Debug|Any CPU
		{45D03061-5B6F-4906-961B-EC3F0F629137}.Debug|x86.ActiveCfg = Debug|Any CPU
		{45D03061-5B6F-4906-961B-EC3F0F629137}.DebugWithCodeAnalysis|Any CPU.ActiveCfg = DebugWithCodeAnalysis|Any CPU
		{45D03061-5B6F-4906-961B-EC3F0F629137}.DebugWithCodeAnalysis|Any CPU.Build.0 = DebugWithCodeAnalysis|Any CPU
		{45D03061-5B6F-4906-961B-EC3F0F629137}.DebugWithCodeAnalysis|Mixed Platforms.ActiveCfg = DebugWithCodeAnalysis|Any CPU
		{45D03061-5B6F-4906-961B-EC3F0F629137}.DebugWithCodeAnalysis|Mixed Platforms.Build.0 = DebugWithCodeAnalysis|Any CPU
		{45D03061-5B6F-4906-961B-EC3F0F629137}.DebugWithCodeAnalysis|x86.ActiveCfg = DebugWithCodeAnalysis|Any CPU
		{45D03061-5B6F-4906-961B-EC3F0F629137}.Release|Any CPU.ActiveCfg = Release|Any CPU
		{45D03061-5B6F-4906-961B-EC3F0F629137}.Release|Any CPU.Build.0 = Release|Any CPU
		{45D03061-5B6F-4906-961B-EC3F0F629137}.Release|Mixed Platforms.ActiveCfg = Release|Any CPU
		{45D03061-5B6F-4906-961B-EC3F0F629137}.Release|Mixed Platforms.Build.0 = Release|Any CPU
		{45D03061-5B6F-4906-961B-EC3F0F629137}.Release|x86.ActiveCfg = Release|Any CPU
		{E6655100-752B-47CF-9CF5-002B9EA51699}.Debug|Any CPU.ActiveCfg = Debug|Any CPU
		{E6655100-752B-47CF-9CF5-002B9EA51699}.Debug|Any CPU.Build.0 = Debug|Any CPU
		{E6655100-752B-47CF-9CF5-002B9EA51699}.Debug|Mixed Platforms.ActiveCfg = Debug|Any CPU
		{E6655100-752B-47CF-9CF5-002B9EA51699}.Debug|Mixed Platforms.Build.0 = Debug|Any CPU
		{E6655100-752B-47CF-9CF5-002B9EA51699}.Debug|x86.ActiveCfg = Debug|Any CPU
		{E6655100-752B-47CF-9CF5-002B9EA51699}.DebugWithCodeAnalysis|Any CPU.ActiveCfg = DebugWithCodeAnalysis|Any CPU
		{E6655100-752B-47CF-9CF5-002B9EA51699}.DebugWithCodeAnalysis|Any CPU.Build.0 = DebugWithCodeAnalysis|Any CPU
		{E6655100-752B-47CF-9CF5-002B9EA51699}.DebugWithCodeAnalysis|Mixed Platforms.ActiveCfg = DebugWithCodeAnalysis|Any CPU
		{E6655100-752B-47CF-9CF5-002B9EA51699}.DebugWithCodeAnalysis|Mixed Platforms.Build.0 = DebugWithCodeAnalysis|Any CPU
		{E6655100-752B-47CF-9CF5-002B9EA51699}.DebugWithCodeAnalysis|x86.ActiveCfg = DebugWithCodeAnalysis|Any CPU
		{E6655100-752B-47CF-9CF5-002B9EA51699}.Release|Any CPU.ActiveCfg = Release|Any CPU
		{E6655100-752B-47CF-9CF5-002B9EA51699}.Release|Any CPU.Build.0 = Release|Any CPU
		{E6655100-752B-47CF-9CF5-002B9EA51699}.Release|Mixed Platforms.ActiveCfg = Release|Any CPU
		{E6655100-752B-47CF-9CF5-002B9EA51699}.Release|Mixed Platforms.Build.0 = Release|Any CPU
		{E6655100-752B-47CF-9CF5-002B9EA51699}.Release|x86.ActiveCfg = Release|Any CPU
		{B1FB577F-4616-4CE1-8D9A-F72021323FBB}.Debug|Any CPU.ActiveCfg = Debug|Any CPU
		{B1FB577F-4616-4CE1-8D9A-F72021323FBB}.Debug|Any CPU.Build.0 = Debug|Any CPU
		{B1FB577F-4616-4CE1-8D9A-F72021323FBB}.Debug|Mixed Platforms.ActiveCfg = Debug|Any CPU
		{B1FB577F-4616-4CE1-8D9A-F72021323FBB}.Debug|Mixed Platforms.Build.0 = Debug|Any CPU
		{B1FB577F-4616-4CE1-8D9A-F72021323FBB}.Debug|x86.ActiveCfg = Debug|Any CPU
		{B1FB577F-4616-4CE1-8D9A-F72021323FBB}.DebugWithCodeAnalysis|Any CPU.ActiveCfg = DebugWithCodeAnalysis|Any CPU
		{B1FB577F-4616-4CE1-8D9A-F72021323FBB}.DebugWithCodeAnalysis|Any CPU.Build.0 = DebugWithCodeAnalysis|Any CPU
		{B1FB577F-4616-4CE1-8D9A-F72021323FBB}.DebugWithCodeAnalysis|Mixed Platforms.ActiveCfg = DebugWithCodeAnalysis|Any CPU
		{B1FB577F-4616-4CE1-8D9A-F72021323FBB}.DebugWithCodeAnalysis|Mixed Platforms.Build.0 = DebugWithCodeAnalysis|Any CPU
		{B1FB577F-4616-4CE1-8D9A-F72021323FBB}.DebugWithCodeAnalysis|x86.ActiveCfg = DebugWithCodeAnalysis|Any CPU
		{B1FB577F-4616-4CE1-8D9A-F72021323FBB}.Release|Any CPU.ActiveCfg = Release|Any CPU
		{B1FB577F-4616-4CE1-8D9A-F72021323FBB}.Release|Any CPU.Build.0 = Release|Any CPU
		{B1FB577F-4616-4CE1-8D9A-F72021323FBB}.Release|Mixed Platforms.ActiveCfg = Release|Any CPU
		{B1FB577F-4616-4CE1-8D9A-F72021323FBB}.Release|Mixed Platforms.Build.0 = Release|Any CPU
		{B1FB577F-4616-4CE1-8D9A-F72021323FBB}.Release|x86.ActiveCfg = Release|Any CPU
		{F53D0EC9-E6A6-4264-878F-CECD5A6B40D4}.Debug|Any CPU.ActiveCfg = Debug|Any CPU
		{F53D0EC9-E6A6-4264-878F-CECD5A6B40D4}.Debug|Any CPU.Build.0 = Debug|Any CPU
		{F53D0EC9-E6A6-4264-878F-CECD5A6B40D4}.Debug|Mixed Platforms.ActiveCfg = Debug|Any CPU
		{F53D0EC9-E6A6-4264-878F-CECD5A6B40D4}.Debug|Mixed Platforms.Build.0 = Debug|Any CPU
		{F53D0EC9-E6A6-4264-878F-CECD5A6B40D4}.Debug|x86.ActiveCfg = Debug|Any CPU
		{F53D0EC9-E6A6-4264-878F-CECD5A6B40D4}.DebugWithCodeAnalysis|Any CPU.ActiveCfg = DebugWithCodeAnalysis|Any CPU
		{F53D0EC9-E6A6-4264-878F-CECD5A6B40D4}.DebugWithCodeAnalysis|Any CPU.Build.0 = DebugWithCodeAnalysis|Any CPU
		{F53D0EC9-E6A6-4264-878F-CECD5A6B40D4}.DebugWithCodeAnalysis|Mixed Platforms.ActiveCfg = DebugWithCodeAnalysis|Any CPU
		{F53D0EC9-E6A6-4264-878F-CECD5A6B40D4}.DebugWithCodeAnalysis|Mixed Platforms.Build.0 = DebugWithCodeAnalysis|Any CPU
		{F53D0EC9-E6A6-4264-878F-CECD5A6B40D4}.DebugWithCodeAnalysis|x86.ActiveCfg = DebugWithCodeAnalysis|Any CPU
		{F53D0EC9-E6A6-4264-878F-CECD5A6B40D4}.Release|Any CPU.ActiveCfg = Release|Any CPU
		{F53D0EC9-E6A6-4264-878F-CECD5A6B40D4}.Release|Any CPU.Build.0 = Release|Any CPU
		{F53D0EC9-E6A6-4264-878F-CECD5A6B40D4}.Release|Mixed Platforms.ActiveCfg = Release|Any CPU
		{F53D0EC9-E6A6-4264-878F-CECD5A6B40D4}.Release|Mixed Platforms.Build.0 = Release|Any CPU
		{F53D0EC9-E6A6-4264-878F-CECD5A6B40D4}.Release|x86.ActiveCfg = Release|Any CPU
		{D7E7210D-13C5-45C1-97BE-429D49B6F6BB}.Debug|Any CPU.ActiveCfg = Debug|Any CPU
		{D7E7210D-13C5-45C1-97BE-429D49B6F6BB}.Debug|Any CPU.Build.0 = Debug|Any CPU
		{D7E7210D-13C5-45C1-97BE-429D49B6F6BB}.Debug|Mixed Platforms.ActiveCfg = Debug|Any CPU
		{D7E7210D-13C5-45C1-97BE-429D49B6F6BB}.Debug|Mixed Platforms.Build.0 = Debug|Any CPU
		{D7E7210D-13C5-45C1-97BE-429D49B6F6BB}.Debug|x86.ActiveCfg = Debug|Any CPU
		{D7E7210D-13C5-45C1-97BE-429D49B6F6BB}.DebugWithCodeAnalysis|Any CPU.ActiveCfg = DebugWithCodeAnalysis|Any CPU
		{D7E7210D-13C5-45C1-97BE-429D49B6F6BB}.DebugWithCodeAnalysis|Any CPU.Build.0 = DebugWithCodeAnalysis|Any CPU
		{D7E7210D-13C5-45C1-97BE-429D49B6F6BB}.DebugWithCodeAnalysis|Mixed Platforms.ActiveCfg = DebugWithCodeAnalysis|Any CPU
		{D7E7210D-13C5-45C1-97BE-429D49B6F6BB}.DebugWithCodeAnalysis|Mixed Platforms.Build.0 = DebugWithCodeAnalysis|Any CPU
		{D7E7210D-13C5-45C1-97BE-429D49B6F6BB}.DebugWithCodeAnalysis|x86.ActiveCfg = DebugWithCodeAnalysis|Any CPU
		{D7E7210D-13C5-45C1-97BE-429D49B6F6BB}.Release|Any CPU.ActiveCfg = Release|Any CPU
		{D7E7210D-13C5-45C1-97BE-429D49B6F6BB}.Release|Any CPU.Build.0 = Release|Any CPU
		{D7E7210D-13C5-45C1-97BE-429D49B6F6BB}.Release|Mixed Platforms.ActiveCfg = Release|Any CPU
		{D7E7210D-13C5-45C1-97BE-429D49B6F6BB}.Release|Mixed Platforms.Build.0 = Release|Any CPU
		{D7E7210D-13C5-45C1-97BE-429D49B6F6BB}.Release|x86.ActiveCfg = Release|Any CPU
		{60C1FD31-5B76-41C1-AC02-9E47A34EA900}.Debug|Any CPU.ActiveCfg = Debug|x86
		{60C1FD31-5B76-41C1-AC02-9E47A34EA900}.Debug|Mixed Platforms.ActiveCfg = Debug|x86
		{60C1FD31-5B76-41C1-AC02-9E47A34EA900}.Debug|Mixed Platforms.Build.0 = Debug|x86
		{60C1FD31-5B76-41C1-AC02-9E47A34EA900}.Debug|x86.ActiveCfg = Debug|x86
		{60C1FD31-5B76-41C1-AC02-9E47A34EA900}.Debug|x86.Build.0 = Debug|x86
		{60C1FD31-5B76-41C1-AC02-9E47A34EA900}.DebugWithCodeAnalysis|Any CPU.ActiveCfg = Debug|x86
		{60C1FD31-5B76-41C1-AC02-9E47A34EA900}.DebugWithCodeAnalysis|Mixed Platforms.ActiveCfg = Debug|x86
		{60C1FD31-5B76-41C1-AC02-9E47A34EA900}.DebugWithCodeAnalysis|Mixed Platforms.Build.0 = Debug|x86
		{60C1FD31-5B76-41C1-AC02-9E47A34EA900}.DebugWithCodeAnalysis|x86.ActiveCfg = Debug|x86
		{60C1FD31-5B76-41C1-AC02-9E47A34EA900}.DebugWithCodeAnalysis|x86.Build.0 = Debug|x86
		{60C1FD31-5B76-41C1-AC02-9E47A34EA900}.Release|Any CPU.ActiveCfg = Release|x86
		{60C1FD31-5B76-41C1-AC02-9E47A34EA900}.Release|Mixed Platforms.ActiveCfg = Release|x86
		{60C1FD31-5B76-41C1-AC02-9E47A34EA900}.Release|Mixed Platforms.Build.0 = Release|x86
		{60C1FD31-5B76-41C1-AC02-9E47A34EA900}.Release|x86.ActiveCfg = Release|x86
		{60C1FD31-5B76-41C1-AC02-9E47A34EA900}.Release|x86.Build.0 = Release|x86
		{D105C21A-AEC1-460F-98B4-3BE7506DE2E6}.Debug|Any CPU.ActiveCfg = Debug|Any CPU
		{D105C21A-AEC1-460F-98B4-3BE7506DE2E6}.Debug|Any CPU.Build.0 = Debug|Any CPU
		{D105C21A-AEC1-460F-98B4-3BE7506DE2E6}.Debug|Mixed Platforms.ActiveCfg = Debug|Any CPU
		{D105C21A-AEC1-460F-98B4-3BE7506DE2E6}.Debug|Mixed Platforms.Build.0 = Debug|Any CPU
		{D105C21A-AEC1-460F-98B4-3BE7506DE2E6}.Debug|x86.ActiveCfg = Debug|Any CPU
		{D105C21A-AEC1-460F-98B4-3BE7506DE2E6}.DebugWithCodeAnalysis|Any CPU.ActiveCfg = DebugWithCodeAnalysis|Any CPU
		{D105C21A-AEC1-460F-98B4-3BE7506DE2E6}.DebugWithCodeAnalysis|Any CPU.Build.0 = DebugWithCodeAnalysis|Any CPU
		{D105C21A-AEC1-460F-98B4-3BE7506DE2E6}.DebugWithCodeAnalysis|Mixed Platforms.ActiveCfg = DebugWithCodeAnalysis|Any CPU
		{D105C21A-AEC1-460F-98B4-3BE7506DE2E6}.DebugWithCodeAnalysis|Mixed Platforms.Build.0 = DebugWithCodeAnalysis|Any CPU
		{D105C21A-AEC1-460F-98B4-3BE7506DE2E6}.DebugWithCodeAnalysis|x86.ActiveCfg = DebugWithCodeAnalysis|Any CPU
		{D105C21A-AEC1-460F-98B4-3BE7506DE2E6}.Release|Any CPU.ActiveCfg = Release|Any CPU
		{D105C21A-AEC1-460F-98B4-3BE7506DE2E6}.Release|Any CPU.Build.0 = Release|Any CPU
		{D105C21A-AEC1-460F-98B4-3BE7506DE2E6}.Release|Mixed Platforms.ActiveCfg = Release|Any CPU
		{D105C21A-AEC1-460F-98B4-3BE7506DE2E6}.Release|Mixed Platforms.Build.0 = Release|Any CPU
		{D105C21A-AEC1-460F-98B4-3BE7506DE2E6}.Release|x86.ActiveCfg = Release|Any CPU
		{68AFDAFA-DCDF-470D-8B0E-9965D0594979}.Debug|Any CPU.ActiveCfg = Debug|Any CPU
		{68AFDAFA-DCDF-470D-8B0E-9965D0594979}.Debug|Any CPU.Build.0 = Debug|Any CPU
		{68AFDAFA-DCDF-470D-8B0E-9965D0594979}.Debug|Mixed Platforms.ActiveCfg = Debug|Any CPU
		{68AFDAFA-DCDF-470D-8B0E-9965D0594979}.Debug|Mixed Platforms.Build.0 = Debug|Any CPU
		{68AFDAFA-DCDF-470D-8B0E-9965D0594979}.Debug|x86.ActiveCfg = Debug|Any CPU
		{68AFDAFA-DCDF-470D-8B0E-9965D0594979}.DebugWithCodeAnalysis|Any CPU.ActiveCfg = DebugWithCodeAnalysis|Any CPU
		{68AFDAFA-DCDF-470D-8B0E-9965D0594979}.DebugWithCodeAnalysis|Any CPU.Build.0 = DebugWithCodeAnalysis|Any CPU
		{68AFDAFA-DCDF-470D-8B0E-9965D0594979}.DebugWithCodeAnalysis|Mixed Platforms.ActiveCfg = DebugWithCodeAnalysis|Any CPU
		{68AFDAFA-DCDF-470D-8B0E-9965D0594979}.DebugWithCodeAnalysis|Mixed Platforms.Build.0 = DebugWithCodeAnalysis|Any CPU
		{68AFDAFA-DCDF-470D-8B0E-9965D0594979}.DebugWithCodeAnalysis|x86.ActiveCfg = DebugWithCodeAnalysis|Any CPU
		{68AFDAFA-DCDF-470D-8B0E-9965D0594979}.Release|Any CPU.ActiveCfg = Release|Any CPU
		{68AFDAFA-DCDF-470D-8B0E-9965D0594979}.Release|Any CPU.Build.0 = Release|Any CPU
		{68AFDAFA-DCDF-470D-8B0E-9965D0594979}.Release|Mixed Platforms.ActiveCfg = Release|Any CPU
		{68AFDAFA-DCDF-470D-8B0E-9965D0594979}.Release|Mixed Platforms.Build.0 = Release|Any CPU
		{68AFDAFA-DCDF-470D-8B0E-9965D0594979}.Release|x86.ActiveCfg = Release|Any CPU
		{D81188CD-F1C2-4132-82A6-BB29E20D40A0}.Debug|Any CPU.ActiveCfg = Debug|Any CPU
		{D81188CD-F1C2-4132-82A6-BB29E20D40A0}.Debug|Any CPU.Build.0 = Debug|Any CPU
		{D81188CD-F1C2-4132-82A6-BB29E20D40A0}.Debug|Mixed Platforms.ActiveCfg = Debug|Any CPU
		{D81188CD-F1C2-4132-82A6-BB29E20D40A0}.Debug|Mixed Platforms.Build.0 = Debug|Any CPU
		{D81188CD-F1C2-4132-82A6-BB29E20D40A0}.Debug|x86.ActiveCfg = Debug|Any CPU
		{D81188CD-F1C2-4132-82A6-BB29E20D40A0}.DebugWithCodeAnalysis|Any CPU.ActiveCfg = DebugWithCodeAnalysis|Any CPU
		{D81188CD-F1C2-4132-82A6-BB29E20D40A0}.DebugWithCodeAnalysis|Any CPU.Build.0 = DebugWithCodeAnalysis|Any CPU
		{D81188CD-F1C2-4132-82A6-BB29E20D40A0}.DebugWithCodeAnalysis|Mixed Platforms.ActiveCfg = DebugWithCodeAnalysis|Any CPU
		{D81188CD-F1C2-4132-82A6-BB29E20D40A0}.DebugWithCodeAnalysis|Mixed Platforms.Build.0 = DebugWithCodeAnalysis|Any CPU
		{D81188CD-F1C2-4132-82A6-BB29E20D40A0}.DebugWithCodeAnalysis|x86.ActiveCfg = DebugWithCodeAnalysis|Any CPU
		{D81188CD-F1C2-4132-82A6-BB29E20D40A0}.Release|Any CPU.ActiveCfg = Release|Any CPU
		{D81188CD-F1C2-4132-82A6-BB29E20D40A0}.Release|Any CPU.Build.0 = Release|Any CPU
		{D81188CD-F1C2-4132-82A6-BB29E20D40A0}.Release|Mixed Platforms.ActiveCfg = Release|Any CPU
		{D81188CD-F1C2-4132-82A6-BB29E20D40A0}.Release|Mixed Platforms.Build.0 = Release|Any CPU
		{D81188CD-F1C2-4132-82A6-BB29E20D40A0}.Release|x86.ActiveCfg = Release|Any CPU
		{3197BFBC-30E8-4188-B2CF-64E7472B6995}.Debug|Any CPU.ActiveCfg = Debug|Any CPU
		{3197BFBC-30E8-4188-B2CF-64E7472B6995}.Debug|Any CPU.Build.0 = Debug|Any CPU
		{3197BFBC-30E8-4188-B2CF-64E7472B6995}.Debug|Mixed Platforms.ActiveCfg = Debug|Any CPU
		{3197BFBC-30E8-4188-B2CF-64E7472B6995}.Debug|Mixed Platforms.Build.0 = Debug|Any CPU
		{3197BFBC-30E8-4188-B2CF-64E7472B6995}.Debug|x86.ActiveCfg = Debug|Any CPU
		{3197BFBC-30E8-4188-B2CF-64E7472B6995}.DebugWithCodeAnalysis|Any CPU.ActiveCfg = DebugWithCodeAnalysis|Any CPU
		{3197BFBC-30E8-4188-B2CF-64E7472B6995}.DebugWithCodeAnalysis|Any CPU.Build.0 = DebugWithCodeAnalysis|Any CPU
		{3197BFBC-30E8-4188-B2CF-64E7472B6995}.DebugWithCodeAnalysis|Mixed Platforms.ActiveCfg = DebugWithCodeAnalysis|Any CPU
		{3197BFBC-30E8-4188-B2CF-64E7472B6995}.DebugWithCodeAnalysis|Mixed Platforms.Build.0 = DebugWithCodeAnalysis|Any CPU
		{3197BFBC-30E8-4188-B2CF-64E7472B6995}.DebugWithCodeAnalysis|x86.ActiveCfg = DebugWithCodeAnalysis|Any CPU
		{3197BFBC-30E8-4188-B2CF-64E7472B6995}.Release|Any CPU.ActiveCfg = Release|Any CPU
		{3197BFBC-30E8-4188-B2CF-64E7472B6995}.Release|Any CPU.Build.0 = Release|Any CPU
		{3197BFBC-30E8-4188-B2CF-64E7472B6995}.Release|Mixed Platforms.ActiveCfg = Release|Any CPU
		{3197BFBC-30E8-4188-B2CF-64E7472B6995}.Release|Mixed Platforms.Build.0 = Release|Any CPU
		{3197BFBC-30E8-4188-B2CF-64E7472B6995}.Release|x86.ActiveCfg = Release|Any CPU
		{ED278AE1-F458-485A-8DC5-17EC18BA0692}.Debug|Any CPU.ActiveCfg = Debug|Any CPU
		{ED278AE1-F458-485A-8DC5-17EC18BA0692}.Debug|Any CPU.Build.0 = Debug|Any CPU
		{ED278AE1-F458-485A-8DC5-17EC18BA0692}.Debug|Mixed Platforms.ActiveCfg = Debug|Any CPU
		{ED278AE1-F458-485A-8DC5-17EC18BA0692}.Debug|Mixed Platforms.Build.0 = Debug|Any CPU
		{ED278AE1-F458-485A-8DC5-17EC18BA0692}.Debug|x86.ActiveCfg = Debug|Any CPU
		{ED278AE1-F458-485A-8DC5-17EC18BA0692}.DebugWithCodeAnalysis|Any CPU.ActiveCfg = DebugWithCodeAnalysis|Any CPU
		{ED278AE1-F458-485A-8DC5-17EC18BA0692}.DebugWithCodeAnalysis|Any CPU.Build.0 = DebugWithCodeAnalysis|Any CPU
		{ED278AE1-F458-485A-8DC5-17EC18BA0692}.DebugWithCodeAnalysis|Mixed Platforms.ActiveCfg = DebugWithCodeAnalysis|Any CPU
		{ED278AE1-F458-485A-8DC5-17EC18BA0692}.DebugWithCodeAnalysis|Mixed Platforms.Build.0 = DebugWithCodeAnalysis|Any CPU
		{ED278AE1-F458-485A-8DC5-17EC18BA0692}.DebugWithCodeAnalysis|x86.ActiveCfg = DebugWithCodeAnalysis|Any CPU
		{ED278AE1-F458-485A-8DC5-17EC18BA0692}.Release|Any CPU.ActiveCfg = Release|Any CPU
		{ED278AE1-F458-485A-8DC5-17EC18BA0692}.Release|Any CPU.Build.0 = Release|Any CPU
		{ED278AE1-F458-485A-8DC5-17EC18BA0692}.Release|Mixed Platforms.ActiveCfg = Release|Any CPU
		{ED278AE1-F458-485A-8DC5-17EC18BA0692}.Release|Mixed Platforms.Build.0 = Release|Any CPU
		{ED278AE1-F458-485A-8DC5-17EC18BA0692}.Release|x86.ActiveCfg = Release|Any CPU
		{2DC1A312-9D36-4726-B32B-1024B54E1043}.Debug|Any CPU.ActiveCfg = Debug|Any CPU
		{2DC1A312-9D36-4726-B32B-1024B54E1043}.Debug|Any CPU.Build.0 = Debug|Any CPU
		{2DC1A312-9D36-4726-B32B-1024B54E1043}.Debug|Mixed Platforms.ActiveCfg = Debug|Any CPU
		{2DC1A312-9D36-4726-B32B-1024B54E1043}.Debug|Mixed Platforms.Build.0 = Debug|Any CPU
		{2DC1A312-9D36-4726-B32B-1024B54E1043}.Debug|x86.ActiveCfg = Debug|Any CPU
		{2DC1A312-9D36-4726-B32B-1024B54E1043}.DebugWithCodeAnalysis|Any CPU.ActiveCfg = DebugWithCodeAnalysis|Any CPU
		{2DC1A312-9D36-4726-B32B-1024B54E1043}.DebugWithCodeAnalysis|Any CPU.Build.0 = DebugWithCodeAnalysis|Any CPU
		{2DC1A312-9D36-4726-B32B-1024B54E1043}.DebugWithCodeAnalysis|Mixed Platforms.ActiveCfg = DebugWithCodeAnalysis|Any CPU
		{2DC1A312-9D36-4726-B32B-1024B54E1043}.DebugWithCodeAnalysis|Mixed Platforms.Build.0 = DebugWithCodeAnalysis|Any CPU
		{2DC1A312-9D36-4726-B32B-1024B54E1043}.DebugWithCodeAnalysis|x86.ActiveCfg = DebugWithCodeAnalysis|Any CPU
		{2DC1A312-9D36-4726-B32B-1024B54E1043}.Release|Any CPU.ActiveCfg = Release|Any CPU
		{2DC1A312-9D36-4726-B32B-1024B54E1043}.Release|Any CPU.Build.0 = Release|Any CPU
		{2DC1A312-9D36-4726-B32B-1024B54E1043}.Release|Mixed Platforms.ActiveCfg = Release|Any CPU
		{2DC1A312-9D36-4726-B32B-1024B54E1043}.Release|Mixed Platforms.Build.0 = Release|Any CPU
		{2DC1A312-9D36-4726-B32B-1024B54E1043}.Release|x86.ActiveCfg = Release|Any CPU
		{CC84138D-CC2B-44F9-8FCE-63730BC21748}.Debug|Any CPU.ActiveCfg = Debug|Any CPU
		{CC84138D-CC2B-44F9-8FCE-63730BC21748}.Debug|Any CPU.Build.0 = Debug|Any CPU
		{CC84138D-CC2B-44F9-8FCE-63730BC21748}.Debug|Mixed Platforms.ActiveCfg = Debug|Any CPU
		{CC84138D-CC2B-44F9-8FCE-63730BC21748}.Debug|Mixed Platforms.Build.0 = Debug|Any CPU
		{CC84138D-CC2B-44F9-8FCE-63730BC21748}.Debug|x86.ActiveCfg = Debug|Any CPU
		{CC84138D-CC2B-44F9-8FCE-63730BC21748}.DebugWithCodeAnalysis|Any CPU.ActiveCfg = DebugWithCodeAnalysis|Any CPU
		{CC84138D-CC2B-44F9-8FCE-63730BC21748}.DebugWithCodeAnalysis|Any CPU.Build.0 = DebugWithCodeAnalysis|Any CPU
		{CC84138D-CC2B-44F9-8FCE-63730BC21748}.DebugWithCodeAnalysis|Mixed Platforms.ActiveCfg = DebugWithCodeAnalysis|Any CPU
		{CC84138D-CC2B-44F9-8FCE-63730BC21748}.DebugWithCodeAnalysis|Mixed Platforms.Build.0 = DebugWithCodeAnalysis|Any CPU
		{CC84138D-CC2B-44F9-8FCE-63730BC21748}.DebugWithCodeAnalysis|x86.ActiveCfg = DebugWithCodeAnalysis|Any CPU
		{CC84138D-CC2B-44F9-8FCE-63730BC21748}.Release|Any CPU.ActiveCfg = Release|Any CPU
		{CC84138D-CC2B-44F9-8FCE-63730BC21748}.Release|Any CPU.Build.0 = Release|Any CPU
		{CC84138D-CC2B-44F9-8FCE-63730BC21748}.Release|Mixed Platforms.ActiveCfg = Release|Any CPU
		{CC84138D-CC2B-44F9-8FCE-63730BC21748}.Release|Mixed Platforms.Build.0 = Release|Any CPU
		{CC84138D-CC2B-44F9-8FCE-63730BC21748}.Release|x86.ActiveCfg = Release|Any CPU
		{FEE0505A-32D5-49D6-AC41-FF09F13102E9}.Debug|Any CPU.ActiveCfg = Debug|Any CPU
		{FEE0505A-32D5-49D6-AC41-FF09F13102E9}.Debug|Any CPU.Build.0 = Debug|Any CPU
		{FEE0505A-32D5-49D6-AC41-FF09F13102E9}.Debug|Mixed Platforms.ActiveCfg = Debug|Any CPU
		{FEE0505A-32D5-49D6-AC41-FF09F13102E9}.Debug|Mixed Platforms.Build.0 = Debug|Any CPU
		{FEE0505A-32D5-49D6-AC41-FF09F13102E9}.Debug|x86.ActiveCfg = Debug|Any CPU
		{FEE0505A-32D5-49D6-AC41-FF09F13102E9}.DebugWithCodeAnalysis|Any CPU.ActiveCfg = DebugWithCodeAnalysis|Any CPU
		{FEE0505A-32D5-49D6-AC41-FF09F13102E9}.DebugWithCodeAnalysis|Any CPU.Build.0 = DebugWithCodeAnalysis|Any CPU
		{FEE0505A-32D5-49D6-AC41-FF09F13102E9}.DebugWithCodeAnalysis|Mixed Platforms.ActiveCfg = DebugWithCodeAnalysis|Any CPU
		{FEE0505A-32D5-49D6-AC41-FF09F13102E9}.DebugWithCodeAnalysis|Mixed Platforms.Build.0 = DebugWithCodeAnalysis|Any CPU
		{FEE0505A-32D5-49D6-AC41-FF09F13102E9}.DebugWithCodeAnalysis|x86.ActiveCfg = DebugWithCodeAnalysis|Any CPU
		{FEE0505A-32D5-49D6-AC41-FF09F13102E9}.Release|Any CPU.ActiveCfg = Release|Any CPU
		{FEE0505A-32D5-49D6-AC41-FF09F13102E9}.Release|Any CPU.Build.0 = Release|Any CPU
		{FEE0505A-32D5-49D6-AC41-FF09F13102E9}.Release|Mixed Platforms.ActiveCfg = Release|Any CPU
		{FEE0505A-32D5-49D6-AC41-FF09F13102E9}.Release|Mixed Platforms.Build.0 = Release|Any CPU
		{FEE0505A-32D5-49D6-AC41-FF09F13102E9}.Release|x86.ActiveCfg = Release|Any CPU
		{AE29ED13-EA6A-49CA-905F-503B0F8CA78B}.Debug|Any CPU.ActiveCfg = Debug|Any CPU
		{AE29ED13-EA6A-49CA-905F-503B0F8CA78B}.Debug|Any CPU.Build.0 = Debug|Any CPU
		{AE29ED13-EA6A-49CA-905F-503B0F8CA78B}.Debug|Mixed Platforms.ActiveCfg = Debug|Any CPU
		{AE29ED13-EA6A-49CA-905F-503B0F8CA78B}.Debug|Mixed Platforms.Build.0 = Debug|Any CPU
		{AE29ED13-EA6A-49CA-905F-503B0F8CA78B}.Debug|x86.ActiveCfg = Debug|Any CPU
		{AE29ED13-EA6A-49CA-905F-503B0F8CA78B}.DebugWithCodeAnalysis|Any CPU.ActiveCfg = DebugWithCodeAnalysis|Any CPU
		{AE29ED13-EA6A-49CA-905F-503B0F8CA78B}.DebugWithCodeAnalysis|Any CPU.Build.0 = DebugWithCodeAnalysis|Any CPU
		{AE29ED13-EA6A-49CA-905F-503B0F8CA78B}.DebugWithCodeAnalysis|Mixed Platforms.ActiveCfg = DebugWithCodeAnalysis|Any CPU
		{AE29ED13-EA6A-49CA-905F-503B0F8CA78B}.DebugWithCodeAnalysis|Mixed Platforms.Build.0 = DebugWithCodeAnalysis|Any CPU
		{AE29ED13-EA6A-49CA-905F-503B0F8CA78B}.DebugWithCodeAnalysis|x86.ActiveCfg = DebugWithCodeAnalysis|Any CPU
		{AE29ED13-EA6A-49CA-905F-503B0F8CA78B}.Release|Any CPU.ActiveCfg = Release|Any CPU
		{AE29ED13-EA6A-49CA-905F-503B0F8CA78B}.Release|Any CPU.Build.0 = Release|Any CPU
		{AE29ED13-EA6A-49CA-905F-503B0F8CA78B}.Release|Mixed Platforms.ActiveCfg = Release|Any CPU
		{AE29ED13-EA6A-49CA-905F-503B0F8CA78B}.Release|Mixed Platforms.Build.0 = Release|Any CPU
		{AE29ED13-EA6A-49CA-905F-503B0F8CA78B}.Release|x86.ActiveCfg = Release|Any CPU
		{5E881AA2-EB82-4DDD-848F-A96CB5C5A554}.Debug|Any CPU.ActiveCfg = Debug|Any CPU
		{5E881AA2-EB82-4DDD-848F-A96CB5C5A554}.Debug|Any CPU.Build.0 = Debug|Any CPU
		{5E881AA2-EB82-4DDD-848F-A96CB5C5A554}.Debug|Mixed Platforms.ActiveCfg = Debug|Any CPU
		{5E881AA2-EB82-4DDD-848F-A96CB5C5A554}.Debug|Mixed Platforms.Build.0 = Debug|Any CPU
		{5E881AA2-EB82-4DDD-848F-A96CB5C5A554}.Debug|x86.ActiveCfg = Debug|Any CPU
		{5E881AA2-EB82-4DDD-848F-A96CB5C5A554}.DebugWithCodeAnalysis|Any CPU.ActiveCfg = DebugWithCodeAnalysis|Any CPU
		{5E881AA2-EB82-4DDD-848F-A96CB5C5A554}.DebugWithCodeAnalysis|Any CPU.Build.0 = DebugWithCodeAnalysis|Any CPU
		{5E881AA2-EB82-4DDD-848F-A96CB5C5A554}.DebugWithCodeAnalysis|Mixed Platforms.ActiveCfg = DebugWithCodeAnalysis|Any CPU
		{5E881AA2-EB82-4DDD-848F-A96CB5C5A554}.DebugWithCodeAnalysis|Mixed Platforms.Build.0 = DebugWithCodeAnalysis|Any CPU
		{5E881AA2-EB82-4DDD-848F-A96CB5C5A554}.DebugWithCodeAnalysis|x86.ActiveCfg = DebugWithCodeAnalysis|Any CPU
		{5E881AA2-EB82-4DDD-848F-A96CB5C5A554}.Release|Any CPU.ActiveCfg = Release|Any CPU
		{5E881AA2-EB82-4DDD-848F-A96CB5C5A554}.Release|Any CPU.Build.0 = Release|Any CPU
		{5E881AA2-EB82-4DDD-848F-A96CB5C5A554}.Release|Mixed Platforms.ActiveCfg = Release|Any CPU
		{5E881AA2-EB82-4DDD-848F-A96CB5C5A554}.Release|Mixed Platforms.Build.0 = Release|Any CPU
		{5E881AA2-EB82-4DDD-848F-A96CB5C5A554}.Release|x86.ActiveCfg = Release|Any CPU
		{B0989639-3136-4281-B6AD-B8FF5C5BF52C}.Debug|Any CPU.ActiveCfg = Debug|Any CPU
		{B0989639-3136-4281-B6AD-B8FF5C5BF52C}.Debug|Any CPU.Build.0 = Debug|Any CPU
		{B0989639-3136-4281-B6AD-B8FF5C5BF52C}.Debug|Mixed Platforms.ActiveCfg = Debug|Any CPU
		{B0989639-3136-4281-B6AD-B8FF5C5BF52C}.Debug|Mixed Platforms.Build.0 = Debug|Any CPU
		{B0989639-3136-4281-B6AD-B8FF5C5BF52C}.Debug|x86.ActiveCfg = Debug|Any CPU
		{B0989639-3136-4281-B6AD-B8FF5C5BF52C}.DebugWithCodeAnalysis|Any CPU.ActiveCfg = DebugWithCodeAnalysis|Any CPU
		{B0989639-3136-4281-B6AD-B8FF5C5BF52C}.DebugWithCodeAnalysis|Any CPU.Build.0 = DebugWithCodeAnalysis|Any CPU
		{B0989639-3136-4281-B6AD-B8FF5C5BF52C}.DebugWithCodeAnalysis|Mixed Platforms.ActiveCfg = DebugWithCodeAnalysis|Any CPU
		{B0989639-3136-4281-B6AD-B8FF5C5BF52C}.DebugWithCodeAnalysis|Mixed Platforms.Build.0 = DebugWithCodeAnalysis|Any CPU
		{B0989639-3136-4281-B6AD-B8FF5C5BF52C}.DebugWithCodeAnalysis|x86.ActiveCfg = DebugWithCodeAnalysis|Any CPU
		{B0989639-3136-4281-B6AD-B8FF5C5BF52C}.Release|Any CPU.ActiveCfg = Release|Any CPU
		{B0989639-3136-4281-B6AD-B8FF5C5BF52C}.Release|Any CPU.Build.0 = Release|Any CPU
		{B0989639-3136-4281-B6AD-B8FF5C5BF52C}.Release|Mixed Platforms.ActiveCfg = Release|Any CPU
		{B0989639-3136-4281-B6AD-B8FF5C5BF52C}.Release|Mixed Platforms.Build.0 = Release|Any CPU
		{B0989639-3136-4281-B6AD-B8FF5C5BF52C}.Release|x86.ActiveCfg = Release|Any CPU
		{6D12FB95-314D-46D4-B921-579D014F85AE}.Debug|Any CPU.ActiveCfg = Debug|Any CPU
		{6D12FB95-314D-46D4-B921-579D014F85AE}.Debug|Any CPU.Build.0 = Debug|Any CPU
		{6D12FB95-314D-46D4-B921-579D014F85AE}.Debug|Mixed Platforms.ActiveCfg = Debug|Any CPU
		{6D12FB95-314D-46D4-B921-579D014F85AE}.Debug|Mixed Platforms.Build.0 = Debug|Any CPU
		{6D12FB95-314D-46D4-B921-579D014F85AE}.Debug|x86.ActiveCfg = Debug|Any CPU
		{6D12FB95-314D-46D4-B921-579D014F85AE}.DebugWithCodeAnalysis|Any CPU.ActiveCfg = DebugWithCodeAnalysis|Any CPU
		{6D12FB95-314D-46D4-B921-579D014F85AE}.DebugWithCodeAnalysis|Any CPU.Build.0 = DebugWithCodeAnalysis|Any CPU
		{6D12FB95-314D-46D4-B921-579D014F85AE}.DebugWithCodeAnalysis|Mixed Platforms.ActiveCfg = DebugWithCodeAnalysis|Any CPU
		{6D12FB95-314D-46D4-B921-579D014F85AE}.DebugWithCodeAnalysis|Mixed Platforms.Build.0 = DebugWithCodeAnalysis|Any CPU
		{6D12FB95-314D-46D4-B921-579D014F85AE}.DebugWithCodeAnalysis|x86.ActiveCfg = DebugWithCodeAnalysis|Any CPU
		{6D12FB95-314D-46D4-B921-579D014F85AE}.Release|Any CPU.ActiveCfg = Release|Any CPU
		{6D12FB95-314D-46D4-B921-579D014F85AE}.Release|Any CPU.Build.0 = Release|Any CPU
		{6D12FB95-314D-46D4-B921-579D014F85AE}.Release|Mixed Platforms.ActiveCfg = Release|Any CPU
		{6D12FB95-314D-46D4-B921-579D014F85AE}.Release|Mixed Platforms.Build.0 = Release|Any CPU
		{6D12FB95-314D-46D4-B921-579D014F85AE}.Release|x86.ActiveCfg = Release|Any CPU
		{BE06B9D3-4070-4BD4-820A-4B410CA1355E}.Debug|Any CPU.ActiveCfg = Debug|Any CPU
		{BE06B9D3-4070-4BD4-820A-4B410CA1355E}.Debug|Any CPU.Build.0 = Debug|Any CPU
		{BE06B9D3-4070-4BD4-820A-4B410CA1355E}.Debug|Mixed Platforms.ActiveCfg = Debug|Any CPU
		{BE06B9D3-4070-4BD4-820A-4B410CA1355E}.Debug|Mixed Platforms.Build.0 = Debug|Any CPU
		{BE06B9D3-4070-4BD4-820A-4B410CA1355E}.Debug|x86.ActiveCfg = Debug|Any CPU
		{BE06B9D3-4070-4BD4-820A-4B410CA1355E}.DebugWithCodeAnalysis|Any CPU.ActiveCfg = DebugWithCodeAnalysis|Any CPU
		{BE06B9D3-4070-4BD4-820A-4B410CA1355E}.DebugWithCodeAnalysis|Any CPU.Build.0 = DebugWithCodeAnalysis|Any CPU
		{BE06B9D3-4070-4BD4-820A-4B410CA1355E}.DebugWithCodeAnalysis|Mixed Platforms.ActiveCfg = DebugWithCodeAnalysis|Any CPU
		{BE06B9D3-4070-4BD4-820A-4B410CA1355E}.DebugWithCodeAnalysis|Mixed Platforms.Build.0 = DebugWithCodeAnalysis|Any CPU
		{BE06B9D3-4070-4BD4-820A-4B410CA1355E}.DebugWithCodeAnalysis|x86.ActiveCfg = DebugWithCodeAnalysis|Any CPU
		{BE06B9D3-4070-4BD4-820A-4B410CA1355E}.Release|Any CPU.ActiveCfg = Release|Any CPU
		{BE06B9D3-4070-4BD4-820A-4B410CA1355E}.Release|Any CPU.Build.0 = Release|Any CPU
		{BE06B9D3-4070-4BD4-820A-4B410CA1355E}.Release|Mixed Platforms.ActiveCfg = Release|Any CPU
		{BE06B9D3-4070-4BD4-820A-4B410CA1355E}.Release|Mixed Platforms.Build.0 = Release|Any CPU
		{BE06B9D3-4070-4BD4-820A-4B410CA1355E}.Release|x86.ActiveCfg = Release|Any CPU
		{64E11D74-6B4C-4E47-A117-8BA52A69D7EC}.Debug|Any CPU.ActiveCfg = Debug|Any CPU
		{64E11D74-6B4C-4E47-A117-8BA52A69D7EC}.Debug|Any CPU.Build.0 = Debug|Any CPU
		{64E11D74-6B4C-4E47-A117-8BA52A69D7EC}.Debug|Mixed Platforms.ActiveCfg = Debug|Any CPU
		{64E11D74-6B4C-4E47-A117-8BA52A69D7EC}.Debug|Mixed Platforms.Build.0 = Debug|Any CPU
		{64E11D74-6B4C-4E47-A117-8BA52A69D7EC}.Debug|x86.ActiveCfg = Debug|Any CPU
		{64E11D74-6B4C-4E47-A117-8BA52A69D7EC}.DebugWithCodeAnalysis|Any CPU.ActiveCfg = DebugWithCodeAnalysis|Any CPU
		{64E11D74-6B4C-4E47-A117-8BA52A69D7EC}.DebugWithCodeAnalysis|Any CPU.Build.0 = DebugWithCodeAnalysis|Any CPU
		{64E11D74-6B4C-4E47-A117-8BA52A69D7EC}.DebugWithCodeAnalysis|Mixed Platforms.ActiveCfg = DebugWithCodeAnalysis|Any CPU
		{64E11D74-6B4C-4E47-A117-8BA52A69D7EC}.DebugWithCodeAnalysis|Mixed Platforms.Build.0 = DebugWithCodeAnalysis|Any CPU
		{64E11D74-6B4C-4E47-A117-8BA52A69D7EC}.DebugWithCodeAnalysis|x86.ActiveCfg = DebugWithCodeAnalysis|Any CPU
		{64E11D74-6B4C-4E47-A117-8BA52A69D7EC}.Release|Any CPU.ActiveCfg = Release|Any CPU
		{64E11D74-6B4C-4E47-A117-8BA52A69D7EC}.Release|Any CPU.Build.0 = Release|Any CPU
		{64E11D74-6B4C-4E47-A117-8BA52A69D7EC}.Release|Mixed Platforms.ActiveCfg = Release|Any CPU
		{64E11D74-6B4C-4E47-A117-8BA52A69D7EC}.Release|Mixed Platforms.Build.0 = Release|Any CPU
		{64E11D74-6B4C-4E47-A117-8BA52A69D7EC}.Release|x86.ActiveCfg = Release|Any CPU
		{AB5699CC-4144-4BA5-853C-B30745AA16F1}.Debug|Any CPU.ActiveCfg = Debug|Any CPU
		{AB5699CC-4144-4BA5-853C-B30745AA16F1}.Debug|Any CPU.Build.0 = Debug|Any CPU
		{AB5699CC-4144-4BA5-853C-B30745AA16F1}.Debug|Mixed Platforms.ActiveCfg = Debug|Any CPU
		{AB5699CC-4144-4BA5-853C-B30745AA16F1}.Debug|Mixed Platforms.Build.0 = Debug|Any CPU
		{AB5699CC-4144-4BA5-853C-B30745AA16F1}.Debug|x86.ActiveCfg = Debug|Any CPU
		{AB5699CC-4144-4BA5-853C-B30745AA16F1}.DebugWithCodeAnalysis|Any CPU.ActiveCfg = DebugWithCodeAnalysis|Any CPU
		{AB5699CC-4144-4BA5-853C-B30745AA16F1}.DebugWithCodeAnalysis|Any CPU.Build.0 = DebugWithCodeAnalysis|Any CPU
		{AB5699CC-4144-4BA5-853C-B30745AA16F1}.DebugWithCodeAnalysis|Mixed Platforms.ActiveCfg = DebugWithCodeAnalysis|Any CPU
		{AB5699CC-4144-4BA5-853C-B30745AA16F1}.DebugWithCodeAnalysis|Mixed Platforms.Build.0 = DebugWithCodeAnalysis|Any CPU
		{AB5699CC-4144-4BA5-853C-B30745AA16F1}.DebugWithCodeAnalysis|x86.ActiveCfg = DebugWithCodeAnalysis|Any CPU
		{AB5699CC-4144-4BA5-853C-B30745AA16F1}.Release|Any CPU.ActiveCfg = Release|Any CPU
		{AB5699CC-4144-4BA5-853C-B30745AA16F1}.Release|Any CPU.Build.0 = Release|Any CPU
		{AB5699CC-4144-4BA5-853C-B30745AA16F1}.Release|Mixed Platforms.ActiveCfg = Release|Any CPU
		{AB5699CC-4144-4BA5-853C-B30745AA16F1}.Release|Mixed Platforms.Build.0 = Release|Any CPU
		{AB5699CC-4144-4BA5-853C-B30745AA16F1}.Release|x86.ActiveCfg = Release|Any CPU
		{7FBCDA54-9487-472F-BA6A-D4CF2F68BA05}.Debug|Any CPU.ActiveCfg = Debug|Any CPU
		{7FBCDA54-9487-472F-BA6A-D4CF2F68BA05}.Debug|Any CPU.Build.0 = Debug|Any CPU
		{7FBCDA54-9487-472F-BA6A-D4CF2F68BA05}.Debug|Mixed Platforms.ActiveCfg = Debug|Any CPU
		{7FBCDA54-9487-472F-BA6A-D4CF2F68BA05}.Debug|Mixed Platforms.Build.0 = Debug|Any CPU
		{7FBCDA54-9487-472F-BA6A-D4CF2F68BA05}.Debug|x86.ActiveCfg = Debug|Any CPU
		{7FBCDA54-9487-472F-BA6A-D4CF2F68BA05}.DebugWithCodeAnalysis|Any CPU.ActiveCfg = DebugWithCodeAnalysis|Any CPU
		{7FBCDA54-9487-472F-BA6A-D4CF2F68BA05}.DebugWithCodeAnalysis|Any CPU.Build.0 = DebugWithCodeAnalysis|Any CPU
		{7FBCDA54-9487-472F-BA6A-D4CF2F68BA05}.DebugWithCodeAnalysis|Mixed Platforms.ActiveCfg = DebugWithCodeAnalysis|Any CPU
		{7FBCDA54-9487-472F-BA6A-D4CF2F68BA05}.DebugWithCodeAnalysis|Mixed Platforms.Build.0 = DebugWithCodeAnalysis|Any CPU
		{7FBCDA54-9487-472F-BA6A-D4CF2F68BA05}.DebugWithCodeAnalysis|x86.ActiveCfg = DebugWithCodeAnalysis|Any CPU
		{7FBCDA54-9487-472F-BA6A-D4CF2F68BA05}.Release|Any CPU.ActiveCfg = Release|Any CPU
		{7FBCDA54-9487-472F-BA6A-D4CF2F68BA05}.Release|Any CPU.Build.0 = Release|Any CPU
		{7FBCDA54-9487-472F-BA6A-D4CF2F68BA05}.Release|Mixed Platforms.ActiveCfg = Release|Any CPU
		{7FBCDA54-9487-472F-BA6A-D4CF2F68BA05}.Release|Mixed Platforms.Build.0 = Release|Any CPU
		{7FBCDA54-9487-472F-BA6A-D4CF2F68BA05}.Release|x86.ActiveCfg = Release|Any CPU
		{5F2E88D4-26F8-4F8D-8D79-F0C4159275E0}.Debug|Any CPU.ActiveCfg = Debug|Any CPU
		{5F2E88D4-26F8-4F8D-8D79-F0C4159275E0}.Debug|Any CPU.Build.0 = Debug|Any CPU
		{5F2E88D4-26F8-4F8D-8D79-F0C4159275E0}.Debug|Mixed Platforms.ActiveCfg = Debug|Any CPU
		{5F2E88D4-26F8-4F8D-8D79-F0C4159275E0}.Debug|Mixed Platforms.Build.0 = Debug|Any CPU
		{5F2E88D4-26F8-4F8D-8D79-F0C4159275E0}.Debug|x86.ActiveCfg = Debug|Any CPU
		{5F2E88D4-26F8-4F8D-8D79-F0C4159275E0}.DebugWithCodeAnalysis|Any CPU.ActiveCfg = DebugWithCodeAnalysis|Any CPU
		{5F2E88D4-26F8-4F8D-8D79-F0C4159275E0}.DebugWithCodeAnalysis|Any CPU.Build.0 = DebugWithCodeAnalysis|Any CPU
		{5F2E88D4-26F8-4F8D-8D79-F0C4159275E0}.DebugWithCodeAnalysis|Mixed Platforms.ActiveCfg = DebugWithCodeAnalysis|Any CPU
		{5F2E88D4-26F8-4F8D-8D79-F0C4159275E0}.DebugWithCodeAnalysis|Mixed Platforms.Build.0 = DebugWithCodeAnalysis|Any CPU
		{5F2E88D4-26F8-4F8D-8D79-F0C4159275E0}.DebugWithCodeAnalysis|x86.ActiveCfg = DebugWithCodeAnalysis|Any CPU
		{5F2E88D4-26F8-4F8D-8D79-F0C4159275E0}.Release|Any CPU.ActiveCfg = Release|Any CPU
		{5F2E88D4-26F8-4F8D-8D79-F0C4159275E0}.Release|Any CPU.Build.0 = Release|Any CPU
		{5F2E88D4-26F8-4F8D-8D79-F0C4159275E0}.Release|Mixed Platforms.ActiveCfg = Release|Any CPU
		{5F2E88D4-26F8-4F8D-8D79-F0C4159275E0}.Release|Mixed Platforms.Build.0 = Release|Any CPU
		{5F2E88D4-26F8-4F8D-8D79-F0C4159275E0}.Release|x86.ActiveCfg = Release|Any CPU
		{1DD7D3FB-7E02-435A-B678-762B1B584614}.Debug|Any CPU.ActiveCfg = Debug|Any CPU
		{1DD7D3FB-7E02-435A-B678-762B1B584614}.Debug|Any CPU.Build.0 = Debug|Any CPU
		{1DD7D3FB-7E02-435A-B678-762B1B584614}.Debug|Mixed Platforms.ActiveCfg = Debug|Any CPU
		{1DD7D3FB-7E02-435A-B678-762B1B584614}.Debug|Mixed Platforms.Build.0 = Debug|Any CPU
		{1DD7D3FB-7E02-435A-B678-762B1B584614}.Debug|x86.ActiveCfg = Debug|Any CPU
		{1DD7D3FB-7E02-435A-B678-762B1B584614}.DebugWithCodeAnalysis|Any CPU.ActiveCfg = DebugWithCodeAnalysis|Any CPU
		{1DD7D3FB-7E02-435A-B678-762B1B584614}.DebugWithCodeAnalysis|Any CPU.Build.0 = DebugWithCodeAnalysis|Any CPU
		{1DD7D3FB-7E02-435A-B678-762B1B584614}.DebugWithCodeAnalysis|Mixed Platforms.ActiveCfg = DebugWithCodeAnalysis|Any CPU
		{1DD7D3FB-7E02-435A-B678-762B1B584614}.DebugWithCodeAnalysis|Mixed Platforms.Build.0 = DebugWithCodeAnalysis|Any CPU
		{1DD7D3FB-7E02-435A-B678-762B1B584614}.DebugWithCodeAnalysis|x86.ActiveCfg = DebugWithCodeAnalysis|Any CPU
		{1DD7D3FB-7E02-435A-B678-762B1B584614}.Release|Any CPU.ActiveCfg = Release|Any CPU
		{1DD7D3FB-7E02-435A-B678-762B1B584614}.Release|Any CPU.Build.0 = Release|Any CPU
		{1DD7D3FB-7E02-435A-B678-762B1B584614}.Release|Mixed Platforms.ActiveCfg = Release|Any CPU
		{1DD7D3FB-7E02-435A-B678-762B1B584614}.Release|Mixed Platforms.Build.0 = Release|Any CPU
		{1DD7D3FB-7E02-435A-B678-762B1B584614}.Release|x86.ActiveCfg = Release|Any CPU
	EndGlobalSection
	GlobalSection(SolutionProperties) = preSolution
		HideSolutionNode = FALSE
	EndGlobalSection
	GlobalSection(NestedProjects) = preSolution
		{14C65FF5-CB4D-4B5A-BA7B-47D0D504F091} = {3528786D-A0F8-484F-92FE-E8B4223B352F}
		{DB74DA37-0D6A-49FD-818D-A1976BBD4A25} = {3528786D-A0F8-484F-92FE-E8B4223B352F}
		{F2D5C375-C650-4DED-A85E-8DA8EC09927A} = {3528786D-A0F8-484F-92FE-E8B4223B352F}
		{7BDE66B4-C478-4D7B-917A-E0E75DA7F3EC} = {CC560A66-F89B-4838-A177-FF093A09CD1C}
		{7091C6F0-1064-452A-B968-314629505ACF} = {CC560A66-F89B-4838-A177-FF093A09CD1C}
		{FEC7EF75-A238-4FE2-976C-2DBA8EEADC13} = {CC560A66-F89B-4838-A177-FF093A09CD1C}
		{0129712B-0132-4618-BA29-AFB24F98C34D} = {CC560A66-F89B-4838-A177-FF093A09CD1C}
		{6B189709-125E-46EC-8FEE-50345375F221} = {28464055-4F9B-4522-B390-E84B72B4AEF4}
		{CF725C82-A037-41DA-B464-3C88898BB4EE} = {28464055-4F9B-4522-B390-E84B72B4AEF4}
		{59583ACD-E778-4F33-A550-9EFF0E7958E0} = {28464055-4F9B-4522-B390-E84B72B4AEF4}
		{CF83E89B-54C6-466A-ADF2-C26FE3E24286} = {28464055-4F9B-4522-B390-E84B72B4AEF4}
		{6CD4F099-CB3E-41D6-B79E-F92070967CFD} = {28464055-4F9B-4522-B390-E84B72B4AEF4}
		{DE64C585-8522-45D6-BC89-7E969F63943A} = {6A4999E8-C7CF-45EF-99B1-31F441AD87B0}
		{5ACDED29-EA8F-48E0-A462-3BC00BFBE5A8} = {6A4999E8-C7CF-45EF-99B1-31F441AD87B0}
		{A8B37574-7920-4796-8EAD-67385EC206D9} = {9DC671C5-6C34-4A58-8683-B8C08601183C}
		{80C0A59F-4FA8-4D04-80B6-217E8A7EEAF3} = {9DC671C5-6C34-4A58-8683-B8C08601183C}
		{BB95A035-71B3-4DEE-B9E7-826EB84AE6BF} = {9DC671C5-6C34-4A58-8683-B8C08601183C}
		{45D03061-5B6F-4906-961B-EC3F0F629137} = {0560BC3D-8719-4AFE-9AFE-8BE6F87213A5}
		{E6655100-752B-47CF-9CF5-002B9EA51699} = {0560BC3D-8719-4AFE-9AFE-8BE6F87213A5}
		{B1FB577F-4616-4CE1-8D9A-F72021323FBB} = {71BFB472-1931-4D78-B437-0EC6004EAE04}
		{F53D0EC9-E6A6-4264-878F-CECD5A6B40D4} = {71BFB472-1931-4D78-B437-0EC6004EAE04}
		{D7E7210D-13C5-45C1-97BE-429D49B6F6BB} = {71BFB472-1931-4D78-B437-0EC6004EAE04}
		{60C1FD31-5B76-41C1-AC02-9E47A34EA900} = {71BFB472-1931-4D78-B437-0EC6004EAE04}
		{2F2B3BAA-D165-4E3D-879D-218C01E7D37F} = {228FC971-48E6-4D0F-9C13-A56477C2C98D}
		{8A22CD7B-6D54-4D0E-867A-221F1378ABD2} = {228FC971-48E6-4D0F-9C13-A56477C2C98D}
		{5ED938A7-C31E-40BD-98E4-7D86F2CDF71D} = {228FC971-48E6-4D0F-9C13-A56477C2C98D}
		{D81188CD-F1C2-4132-82A6-BB29E20D40A0} = {228FC971-48E6-4D0F-9C13-A56477C2C98D}
		{3197BFBC-30E8-4188-B2CF-64E7472B6995} = {228FC971-48E6-4D0F-9C13-A56477C2C98D}
		{AB5699CC-4144-4BA5-853C-B30745AA16F1} = {228FC971-48E6-4D0F-9C13-A56477C2C98D}
		{CC84138D-CC2B-44F9-8FCE-63730BC21748} = {2F2B3BAA-D165-4E3D-879D-218C01E7D37F}
		{FEE0505A-32D5-49D6-AC41-FF09F13102E9} = {2F2B3BAA-D165-4E3D-879D-218C01E7D37F}
		{ED278AE1-F458-485A-8DC5-17EC18BA0692} = {8A22CD7B-6D54-4D0E-867A-221F1378ABD2}
		{2DC1A312-9D36-4726-B32B-1024B54E1043} = {8A22CD7B-6D54-4D0E-867A-221F1378ABD2}
		{D105C21A-AEC1-460F-98B4-3BE7506DE2E6} = {5ED938A7-C31E-40BD-98E4-7D86F2CDF71D}
		{68AFDAFA-DCDF-470D-8B0E-9965D0594979} = {5ED938A7-C31E-40BD-98E4-7D86F2CDF71D}
		{AE29ED13-EA6A-49CA-905F-503B0F8CA78B} = {01FCFCEA-6891-4958-9793-E62E4D994939}
		{5E881AA2-EB82-4DDD-848F-A96CB5C5A554} = {01FCFCEA-6891-4958-9793-E62E4D994939}
		{B0989639-3136-4281-B6AD-B8FF5C5BF52C} = {01FCFCEA-6891-4958-9793-E62E4D994939}
		{D35A2B7A-13B3-4247-8A60-399C4CE9E0A7} = {01FCFCEA-6891-4958-9793-E62E4D994939}
		{6D12FB95-314D-46D4-B921-579D014F85AE} = {D35A2B7A-13B3-4247-8A60-399C4CE9E0A7}
		{BE06B9D3-4070-4BD4-820A-4B410CA1355E} = {8D700CD7-04E7-42FD-B0F7-7AD716542DD8}
		{64E11D74-6B4C-4E47-A117-8BA52A69D7EC} = {8D700CD7-04E7-42FD-B0F7-7AD716542DD8}
		{7FBCDA54-9487-472F-BA6A-D4CF2F68BA05} = {68F01781-D7F3-4121-BAB6-028A86B245A3}
		{5F2E88D4-26F8-4F8D-8D79-F0C4159275E0} = {68F01781-D7F3-4121-BAB6-028A86B245A3}
		{1DD7D3FB-7E02-435A-B678-762B1B584614} = {68F01781-D7F3-4121-BAB6-028A86B245A3}
	EndGlobalSection
EndGlobal
