
Microsoft Visual Studio Solution File, Format Version 11.00
# Visual Studio 2010
Project("{FAE04EC0-301F-11D3-BF4B-00C04F79EFBC}") = "Appccelerate.Fundamentals", "Appccelerate.Fundamentals\Appccelerate.Fundamentals.csproj", "{F2D5C375-C650-4DED-A85E-8DA8EC09927A}"
EndProject
Project("{FAE04EC0-301F-11D3-BF4B-00C04F79EFBC}") = "Appccelerate.Fundamentals.Test", "Appccelerate.Fundamentals.Test\Appccelerate.Fundamentals.Test.csproj", "{14C65FF5-CB4D-4B5A-BA7B-47D0D504F091}"
EndProject
Project("{FAE04EC0-301F-11D3-BF4B-00C04F79EFBC}") = "Appccelerate.Fundamentals.Specification", "Appccelerate.Fundamentals.Specification\Appccelerate.Fundamentals.Specification.csproj", "{DB74DA37-0D6A-49FD-818D-A1976BBD4A25}"
EndProject
Project("{2150E333-8FDC-42A3-9474-1A3956D46DE8}") = "Fundamentals", "Fundamentals", "{3528786D-A0F8-484F-92FE-E8B4223B352F}"
EndProject
Project("{2150E333-8FDC-42A3-9474-1A3956D46DE8}") = "EvaluationEngine", "EvaluationEngine", "{CC560A66-F89B-4838-A177-FF093A09CD1C}"
EndProject
Project("{FAE04EC0-301F-11D3-BF4B-00C04F79EFBC}") = "Appccelerate.EvaluationEngine", "Appccelerate.EvaluationEngine\Appccelerate.EvaluationEngine.csproj", "{7BDE66B4-C478-4D7B-917A-E0E75DA7F3EC}"
EndProject
Project("{FAE04EC0-301F-11D3-BF4B-00C04F79EFBC}") = "Appccelerate.EvaluationEngine.Specification", "Appccelerate.EvaluationEngine.Specification\Appccelerate.EvaluationEngine.Specification.csproj", "{7091C6F0-1064-452A-B968-314629505ACF}"
EndProject
Project("{FAE04EC0-301F-11D3-BF4B-00C04F79EFBC}") = "Appccelerate.EvaluationEngine.Sample", "Appccelerate.EvaluationEngine.Sample\Appccelerate.EvaluationEngine.Sample.csproj", "{FEC7EF75-A238-4FE2-976C-2DBA8EEADC13}"
EndProject
Project("{FAE04EC0-301F-11D3-BF4B-00C04F79EFBC}") = "Appccelerate.EvaluationEngine.Test", "Appccelerate.EvaluationEngine.Test\Appccelerate.EvaluationEngine.Test.csproj", "{0129712B-0132-4618-BA29-AFB24F98C34D}"
EndProject
Global
	GlobalSection(SolutionConfigurationPlatforms) = preSolution
		Debug|Any CPU = Debug|Any CPU
		Debug|Mixed Platforms = Debug|Mixed Platforms
		Debug|x86 = Debug|x86
		DebugWithCodeAnalysis|Any CPU = DebugWithCodeAnalysis|Any CPU
		DebugWithCodeAnalysis|Mixed Platforms = DebugWithCodeAnalysis|Mixed Platforms
		DebugWithCodeAnalysis|x86 = DebugWithCodeAnalysis|x86
		Release|Any CPU = Release|Any CPU
		Release|Mixed Platforms = Release|Mixed Platforms
		Release|x86 = Release|x86
	EndGlobalSection
	GlobalSection(ProjectConfigurationPlatforms) = postSolution
		{F2D5C375-C650-4DED-A85E-8DA8EC09927A}.Debug|Any CPU.ActiveCfg = Debug|Any CPU
		{F2D5C375-C650-4DED-A85E-8DA8EC09927A}.Debug|Any CPU.Build.0 = Debug|Any CPU
		{F2D5C375-C650-4DED-A85E-8DA8EC09927A}.Debug|Mixed Platforms.ActiveCfg = Debug|Any CPU
		{F2D5C375-C650-4DED-A85E-8DA8EC09927A}.Debug|Mixed Platforms.Build.0 = Debug|Any CPU
		{F2D5C375-C650-4DED-A85E-8DA8EC09927A}.Debug|x86.ActiveCfg = Debug|Any CPU
		{F2D5C375-C650-4DED-A85E-8DA8EC09927A}.DebugWithCodeAnalysis|Any CPU.ActiveCfg = DebugWithCodeAnalysis|Any CPU
		{F2D5C375-C650-4DED-A85E-8DA8EC09927A}.DebugWithCodeAnalysis|Any CPU.Build.0 = DebugWithCodeAnalysis|Any CPU
		{F2D5C375-C650-4DED-A85E-8DA8EC09927A}.DebugWithCodeAnalysis|Mixed Platforms.ActiveCfg = DebugWithCodeAnalysis|Any CPU
		{F2D5C375-C650-4DED-A85E-8DA8EC09927A}.DebugWithCodeAnalysis|Mixed Platforms.Build.0 = DebugWithCodeAnalysis|Any CPU
		{F2D5C375-C650-4DED-A85E-8DA8EC09927A}.DebugWithCodeAnalysis|x86.ActiveCfg = DebugWithCodeAnalysis|Any CPU
		{F2D5C375-C650-4DED-A85E-8DA8EC09927A}.Release|Any CPU.ActiveCfg = Release|Any CPU
		{F2D5C375-C650-4DED-A85E-8DA8EC09927A}.Release|Any CPU.Build.0 = Release|Any CPU
		{F2D5C375-C650-4DED-A85E-8DA8EC09927A}.Release|Mixed Platforms.ActiveCfg = Release|Any CPU
		{F2D5C375-C650-4DED-A85E-8DA8EC09927A}.Release|Mixed Platforms.Build.0 = Release|Any CPU
		{F2D5C375-C650-4DED-A85E-8DA8EC09927A}.Release|x86.ActiveCfg = Release|Any CPU
		{14C65FF5-CB4D-4B5A-BA7B-47D0D504F091}.Debug|Any CPU.ActiveCfg = Debug|Any CPU
		{14C65FF5-CB4D-4B5A-BA7B-47D0D504F091}.Debug|Any CPU.Build.0 = Debug|Any CPU
		{14C65FF5-CB4D-4B5A-BA7B-47D0D504F091}.Debug|Mixed Platforms.ActiveCfg = Debug|Any CPU
		{14C65FF5-CB4D-4B5A-BA7B-47D0D504F091}.Debug|Mixed Platforms.Build.0 = Debug|Any CPU
		{14C65FF5-CB4D-4B5A-BA7B-47D0D504F091}.Debug|x86.ActiveCfg = Debug|Any CPU
		{14C65FF5-CB4D-4B5A-BA7B-47D0D504F091}.DebugWithCodeAnalysis|Any CPU.ActiveCfg = DebugWithCodeAnalysis|Any CPU
		{14C65FF5-CB4D-4B5A-BA7B-47D0D504F091}.DebugWithCodeAnalysis|Any CPU.Build.0 = DebugWithCodeAnalysis|Any CPU
		{14C65FF5-CB4D-4B5A-BA7B-47D0D504F091}.DebugWithCodeAnalysis|Mixed Platforms.ActiveCfg = DebugWithCodeAnalysis|Any CPU
		{14C65FF5-CB4D-4B5A-BA7B-47D0D504F091}.DebugWithCodeAnalysis|Mixed Platforms.Build.0 = DebugWithCodeAnalysis|Any CPU
		{14C65FF5-CB4D-4B5A-BA7B-47D0D504F091}.DebugWithCodeAnalysis|x86.ActiveCfg = DebugWithCodeAnalysis|Any CPU
		{14C65FF5-CB4D-4B5A-BA7B-47D0D504F091}.Release|Any CPU.ActiveCfg = Release|Any CPU
		{14C65FF5-CB4D-4B5A-BA7B-47D0D504F091}.Release|Any CPU.Build.0 = Release|Any CPU
		{14C65FF5-CB4D-4B5A-BA7B-47D0D504F091}.Release|Mixed Platforms.ActiveCfg = Release|Any CPU
		{14C65FF5-CB4D-4B5A-BA7B-47D0D504F091}.Release|Mixed Platforms.Build.0 = Release|Any CPU
		{14C65FF5-CB4D-4B5A-BA7B-47D0D504F091}.Release|x86.ActiveCfg = Release|Any CPU
		{DB74DA37-0D6A-49FD-818D-A1976BBD4A25}.Debug|Any CPU.ActiveCfg = Debug|Any CPU
		{DB74DA37-0D6A-49FD-818D-A1976BBD4A25}.Debug|Any CPU.Build.0 = Debug|Any CPU
		{DB74DA37-0D6A-49FD-818D-A1976BBD4A25}.Debug|Mixed Platforms.ActiveCfg = Debug|Any CPU
		{DB74DA37-0D6A-49FD-818D-A1976BBD4A25}.Debug|Mixed Platforms.Build.0 = Debug|Any CPU
		{DB74DA37-0D6A-49FD-818D-A1976BBD4A25}.Debug|x86.ActiveCfg = Debug|Any CPU
		{DB74DA37-0D6A-49FD-818D-A1976BBD4A25}.DebugWithCodeAnalysis|Any CPU.ActiveCfg = DebugWithCodeAnalysis|Any CPU
		{DB74DA37-0D6A-49FD-818D-A1976BBD4A25}.DebugWithCodeAnalysis|Any CPU.Build.0 = DebugWithCodeAnalysis|Any CPU
		{DB74DA37-0D6A-49FD-818D-A1976BBD4A25}.DebugWithCodeAnalysis|Mixed Platforms.ActiveCfg = DebugWithCodeAnalysis|Any CPU
		{DB74DA37-0D6A-49FD-818D-A1976BBD4A25}.DebugWithCodeAnalysis|Mixed Platforms.Build.0 = DebugWithCodeAnalysis|Any CPU
		{DB74DA37-0D6A-49FD-818D-A1976BBD4A25}.DebugWithCodeAnalysis|x86.ActiveCfg = DebugWithCodeAnalysis|Any CPU
		{DB74DA37-0D6A-49FD-818D-A1976BBD4A25}.Release|Any CPU.ActiveCfg = Release|Any CPU
		{DB74DA37-0D6A-49FD-818D-A1976BBD4A25}.Release|Any CPU.Build.0 = Release|Any CPU
		{DB74DA37-0D6A-49FD-818D-A1976BBD4A25}.Release|Mixed Platforms.ActiveCfg = Release|Any CPU
		{DB74DA37-0D6A-49FD-818D-A1976BBD4A25}.Release|Mixed Platforms.Build.0 = Release|Any CPU
		{DB74DA37-0D6A-49FD-818D-A1976BBD4A25}.Release|x86.ActiveCfg = Release|Any CPU
		{7BDE66B4-C478-4D7B-917A-E0E75DA7F3EC}.Debug|Any CPU.ActiveCfg = Debug|Any CPU
		{7BDE66B4-C478-4D7B-917A-E0E75DA7F3EC}.Debug|Any CPU.Build.0 = Debug|Any CPU
		{7BDE66B4-C478-4D7B-917A-E0E75DA7F3EC}.Debug|Mixed Platforms.ActiveCfg = Debug|Any CPU
		{7BDE66B4-C478-4D7B-917A-E0E75DA7F3EC}.Debug|Mixed Platforms.Build.0 = Debug|Any CPU
		{7BDE66B4-C478-4D7B-917A-E0E75DA7F3EC}.Debug|x86.ActiveCfg = Debug|Any CPU
		{7BDE66B4-C478-4D7B-917A-E0E75DA7F3EC}.DebugWithCodeAnalysis|Any CPU.ActiveCfg = DebugWithCodeAnalysis|Any CPU
		{7BDE66B4-C478-4D7B-917A-E0E75DA7F3EC}.DebugWithCodeAnalysis|Any CPU.Build.0 = DebugWithCodeAnalysis|Any CPU
		{7BDE66B4-C478-4D7B-917A-E0E75DA7F3EC}.DebugWithCodeAnalysis|Mixed Platforms.ActiveCfg = DebugWithCodeAnalysis|Any CPU
		{7BDE66B4-C478-4D7B-917A-E0E75DA7F3EC}.DebugWithCodeAnalysis|Mixed Platforms.Build.0 = DebugWithCodeAnalysis|Any CPU
		{7BDE66B4-C478-4D7B-917A-E0E75DA7F3EC}.DebugWithCodeAnalysis|x86.ActiveCfg = DebugWithCodeAnalysis|Any CPU
		{7BDE66B4-C478-4D7B-917A-E0E75DA7F3EC}.Release|Any CPU.ActiveCfg = Release|Any CPU
		{7BDE66B4-C478-4D7B-917A-E0E75DA7F3EC}.Release|Any CPU.Build.0 = Release|Any CPU
		{7BDE66B4-C478-4D7B-917A-E0E75DA7F3EC}.Release|Mixed Platforms.ActiveCfg = Release|Any CPU
		{7BDE66B4-C478-4D7B-917A-E0E75DA7F3EC}.Release|Mixed Platforms.Build.0 = Release|Any CPU
		{7BDE66B4-C478-4D7B-917A-E0E75DA7F3EC}.Release|x86.ActiveCfg = Release|Any CPU
		{7091C6F0-1064-452A-B968-314629505ACF}.Debug|Any CPU.ActiveCfg = Debug|Any CPU
		{7091C6F0-1064-452A-B968-314629505ACF}.Debug|Any CPU.Build.0 = Debug|Any CPU
		{7091C6F0-1064-452A-B968-314629505ACF}.Debug|Mixed Platforms.ActiveCfg = Debug|Any CPU
		{7091C6F0-1064-452A-B968-314629505ACF}.Debug|Mixed Platforms.Build.0 = Debug|Any CPU
		{7091C6F0-1064-452A-B968-314629505ACF}.Debug|x86.ActiveCfg = Debug|Any CPU
		{7091C6F0-1064-452A-B968-314629505ACF}.DebugWithCodeAnalysis|Any CPU.ActiveCfg = DebugWithCodeAnalysis|Any CPU
		{7091C6F0-1064-452A-B968-314629505ACF}.DebugWithCodeAnalysis|Any CPU.Build.0 = DebugWithCodeAnalysis|Any CPU
		{7091C6F0-1064-452A-B968-314629505ACF}.DebugWithCodeAnalysis|Mixed Platforms.ActiveCfg = DebugWithCodeAnalysis|Any CPU
		{7091C6F0-1064-452A-B968-314629505ACF}.DebugWithCodeAnalysis|Mixed Platforms.Build.0 = DebugWithCodeAnalysis|Any CPU
		{7091C6F0-1064-452A-B968-314629505ACF}.DebugWithCodeAnalysis|x86.ActiveCfg = DebugWithCodeAnalysis|Any CPU
		{7091C6F0-1064-452A-B968-314629505ACF}.Release|Any CPU.ActiveCfg = Release|Any CPU
		{7091C6F0-1064-452A-B968-314629505ACF}.Release|Any CPU.Build.0 = Release|Any CPU
		{7091C6F0-1064-452A-B968-314629505ACF}.Release|Mixed Platforms.ActiveCfg = Release|Any CPU
		{7091C6F0-1064-452A-B968-314629505ACF}.Release|Mixed Platforms.Build.0 = Release|Any CPU
		{7091C6F0-1064-452A-B968-314629505ACF}.Release|x86.ActiveCfg = Release|Any CPU
		{FEC7EF75-A238-4FE2-976C-2DBA8EEADC13}.Debug|Any CPU.ActiveCfg = Debug|x86
		{FEC7EF75-A238-4FE2-976C-2DBA8EEADC13}.Debug|Mixed Platforms.ActiveCfg = Debug|x86
		{FEC7EF75-A238-4FE2-976C-2DBA8EEADC13}.Debug|Mixed Platforms.Build.0 = Debug|x86
		{FEC7EF75-A238-4FE2-976C-2DBA8EEADC13}.Debug|x86.ActiveCfg = Debug|x86
		{FEC7EF75-A238-4FE2-976C-2DBA8EEADC13}.Debug|x86.Build.0 = Debug|x86
		{FEC7EF75-A238-4FE2-976C-2DBA8EEADC13}.DebugWithCodeAnalysis|Any CPU.ActiveCfg = Debug|x86
		{FEC7EF75-A238-4FE2-976C-2DBA8EEADC13}.DebugWithCodeAnalysis|Mixed Platforms.ActiveCfg = Debug|x86
		{FEC7EF75-A238-4FE2-976C-2DBA8EEADC13}.DebugWithCodeAnalysis|Mixed Platforms.Build.0 = Debug|x86
		{FEC7EF75-A238-4FE2-976C-2DBA8EEADC13}.DebugWithCodeAnalysis|x86.ActiveCfg = Debug|x86
		{FEC7EF75-A238-4FE2-976C-2DBA8EEADC13}.DebugWithCodeAnalysis|x86.Build.0 = Debug|x86
		{FEC7EF75-A238-4FE2-976C-2DBA8EEADC13}.Release|Any CPU.ActiveCfg = Release|x86
		{FEC7EF75-A238-4FE2-976C-2DBA8EEADC13}.Release|Mixed Platforms.ActiveCfg = Release|x86
		{FEC7EF75-A238-4FE2-976C-2DBA8EEADC13}.Release|Mixed Platforms.Build.0 = Release|x86
		{FEC7EF75-A238-4FE2-976C-2DBA8EEADC13}.Release|x86.ActiveCfg = Release|x86
		{FEC7EF75-A238-4FE2-976C-2DBA8EEADC13}.Release|x86.Build.0 = Release|x86
		{0129712B-0132-4618-BA29-AFB24F98C34D}.Debug|Any CPU.ActiveCfg = Debug|Any CPU
		{0129712B-0132-4618-BA29-AFB24F98C34D}.Debug|Any CPU.Build.0 = Debug|Any CPU
		{0129712B-0132-4618-BA29-AFB24F98C34D}.Debug|Mixed Platforms.ActiveCfg = Debug|Any CPU
		{0129712B-0132-4618-BA29-AFB24F98C34D}.Debug|Mixed Platforms.Build.0 = Debug|Any CPU
		{0129712B-0132-4618-BA29-AFB24F98C34D}.Debug|x86.ActiveCfg = Debug|Any CPU
		{0129712B-0132-4618-BA29-AFB24F98C34D}.DebugWithCodeAnalysis|Any CPU.ActiveCfg = DebugWithCodeAnalysis|Any CPU
		{0129712B-0132-4618-BA29-AFB24F98C34D}.DebugWithCodeAnalysis|Any CPU.Build.0 = DebugWithCodeAnalysis|Any CPU
		{0129712B-0132-4618-BA29-AFB24F98C34D}.DebugWithCodeAnalysis|Mixed Platforms.ActiveCfg = DebugWithCodeAnalysis|Any CPU
		{0129712B-0132-4618-BA29-AFB24F98C34D}.DebugWithCodeAnalysis|Mixed Platforms.Build.0 = DebugWithCodeAnalysis|Any CPU
		{0129712B-0132-4618-BA29-AFB24F98C34D}.DebugWithCodeAnalysis|x86.ActiveCfg = DebugWithCodeAnalysis|Any CPU
		{0129712B-0132-4618-BA29-AFB24F98C34D}.Release|Any CPU.ActiveCfg = Release|Any CPU
		{0129712B-0132-4618-BA29-AFB24F98C34D}.Release|Any CPU.Build.0 = Release|Any CPU
		{0129712B-0132-4618-BA29-AFB24F98C34D}.Release|Mixed Platforms.ActiveCfg = Release|Any CPU
		{0129712B-0132-4618-BA29-AFB24F98C34D}.Release|Mixed Platforms.Build.0 = Release|Any CPU
		{0129712B-0132-4618-BA29-AFB24F98C34D}.Release|x86.ActiveCfg = Release|Any CPU
	EndGlobalSection
	GlobalSection(SolutionProperties) = preSolution
		HideSolutionNode = FALSE
	EndGlobalSection
	GlobalSection(NestedProjects) = preSolution
		{14C65FF5-CB4D-4B5A-BA7B-47D0D504F091} = {3528786D-A0F8-484F-92FE-E8B4223B352F}
		{DB74DA37-0D6A-49FD-818D-A1976BBD4A25} = {3528786D-A0F8-484F-92FE-E8B4223B352F}
		{F2D5C375-C650-4DED-A85E-8DA8EC09927A} = {3528786D-A0F8-484F-92FE-E8B4223B352F}
		{7BDE66B4-C478-4D7B-917A-E0E75DA7F3EC} = {CC560A66-F89B-4838-A177-FF093A09CD1C}
		{7091C6F0-1064-452A-B968-314629505ACF} = {CC560A66-F89B-4838-A177-FF093A09CD1C}
		{FEC7EF75-A238-4FE2-976C-2DBA8EEADC13} = {CC560A66-F89B-4838-A177-FF093A09CD1C}
		{0129712B-0132-4618-BA29-AFB24F98C34D} = {CC560A66-F89B-4838-A177-FF093A09CD1C}
	EndGlobalSection
EndGlobal
